// !$*UTF8*$!
{
	archiveVersion = 1;
	classes = {
	};
	objectVersion = 52;
	objects = {

/* Begin PBXBuildFile section */
		A2475814292592A5000F6E22 /* RxBlocking in Frameworks */ = {isa = PBXBuildFile; productRef = A2475813292592A5000F6E22 /* RxBlocking */; };
		A2475816292592A5000F6E22 /* RxTest in Frameworks */ = {isa = PBXBuildFile; productRef = A2475815292592A5000F6E22 /* RxTest */; };
		A2475818292592DB000F6E22 /* RepositorySampleData.swift in Sources */ = {isa = PBXBuildFile; fileRef = A2475817292592DB000F6E22 /* RepositorySampleData.swift */; };
		A247581A292594C3000F6E22 /* ReadmeSampleData.swift in Sources */ = {isa = PBXBuildFile; fileRef = A2475819292594C3000F6E22 /* ReadmeSampleData.swift */; };
		A247581D29259561000F6E22 /* GitHubAPIMock.swift in Sources */ = {isa = PBXBuildFile; fileRef = A247581C29259561000F6E22 /* GitHubAPIMock.swift */; };
		A24758202925975F000F6E22 /* RepositorySearchViewModelTest.swift in Sources */ = {isa = PBXBuildFile; fileRef = A247581F2925975F000F6E22 /* RepositorySearchViewModelTest.swift */; };
		A24758222925A3B6000F6E22 /* RepositoryDetailViewModelTest.swift in Sources */ = {isa = PBXBuildFile; fileRef = A24758212925A3B6000F6E22 /* RepositoryDetailViewModelTest.swift */; };
		A24758242925A9ED000F6E22 /* WebViewModelTest.swift in Sources */ = {isa = PBXBuildFile; fileRef = A24758232925A9ED000F6E22 /* WebViewModelTest.swift */; };
		A2504FFC29236188001533DF /* GitHubRepository.swift in Sources */ = {isa = PBXBuildFile; fileRef = A2504FFB29236188001533DF /* GitHubRepository.swift */; };
		A2504FFE292362C1001533DF /* SearchResponse.swift in Sources */ = {isa = PBXBuildFile; fileRef = A2504FFD292362C0001533DF /* SearchResponse.swift */; };
		A25050012923634E001533DF /* Moya in Frameworks */ = {isa = PBXBuildFile; productRef = A25050002923634E001533DF /* Moya */; };
		A25050032923634E001533DF /* RxMoya in Frameworks */ = {isa = PBXBuildFile; productRef = A25050022923634E001533DF /* RxMoya */; };
		A250500529236376001533DF /* GitHubAPITarget.swift in Sources */ = {isa = PBXBuildFile; fileRef = A250500429236376001533DF /* GitHubAPITarget.swift */; };
		A2505007292367EC001533DF /* APIClientError.swift in Sources */ = {isa = PBXBuildFile; fileRef = A2505006292367EC001533DF /* APIClientError.swift */; };
		A25050092923690E001533DF /* GitHubAPI.swift in Sources */ = {isa = PBXBuildFile; fileRef = A25050082923690E001533DF /* GitHubAPI.swift */; };
		A250500C29236E98001533DF /* Kingfisher in Frameworks */ = {isa = PBXBuildFile; productRef = A250500B29236E98001533DF /* Kingfisher */; };
		A250501129238A9B001533DF /* RxCocoa in Frameworks */ = {isa = PBXBuildFile; productRef = A250501029238A9B001533DF /* RxCocoa */; };
		A250501329238A9B001533DF /* RxRelay in Frameworks */ = {isa = PBXBuildFile; productRef = A250501229238A9B001533DF /* RxRelay */; };
		A250501529238A9B001533DF /* RxSwift in Frameworks */ = {isa = PBXBuildFile; productRef = A250501429238A9B001533DF /* RxSwift */; };
		A250501729238ACB001533DF /* RepositorySearchViewModel.swift in Sources */ = {isa = PBXBuildFile; fileRef = A250501629238ACB001533DF /* RepositorySearchViewModel.swift */; };
		A250501929238B22001533DF /* ViewModelType.swift in Sources */ = {isa = PBXBuildFile; fileRef = A250501829238B22001533DF /* ViewModelType.swift */; };
		A250501E2923940F001533DF /* StoryboardInstantiable.swift in Sources */ = {isa = PBXBuildFile; fileRef = A250501D2923940F001533DF /* StoryboardInstantiable.swift */; };
		A2505020292394A9001533DF /* RepositorySearchView.storyboard in Resources */ = {isa = PBXBuildFile; fileRef = A250501F292394A9001533DF /* RepositorySearchView.storyboard */; };
		A2505022292394E6001533DF /* RepositoryDetailView.storyboard in Resources */ = {isa = PBXBuildFile; fileRef = A2505021292394E6001533DF /* RepositoryDetailView.storyboard */; };
		A250502729239C37001533DF /* RepositorySearchTableViewCell.swift in Sources */ = {isa = PBXBuildFile; fileRef = A250502529239C37001533DF /* RepositorySearchTableViewCell.swift */; };
		A250502829239C37001533DF /* RepositorySearchTableViewCell.xib in Resources */ = {isa = PBXBuildFile; fileRef = A250502629239C37001533DF /* RepositorySearchTableViewCell.xib */; };
		A250502A29239FF7001533DF /* LanguageIcon.swift in Sources */ = {isa = PBXBuildFile; fileRef = A250502929239FF7001533DF /* LanguageIcon.swift */; };
		A250502D2923A196001533DF /* UIColor.swift in Sources */ = {isa = PBXBuildFile; fileRef = A250502C2923A196001533DF /* UIColor.swift */; };
		A25050302923AE21001533DF /* PKHUD in Frameworks */ = {isa = PBXBuildFile; productRef = A250502F2923AE21001533DF /* PKHUD */; };
		A25050322923B074001533DF /* UIImageView.swift in Sources */ = {isa = PBXBuildFile; fileRef = A25050312923B074001533DF /* UIImageView.swift */; };
		A25050352923B13E001533DF /* Lottie in Frameworks */ = {isa = PBXBuildFile; productRef = A25050342923B13E001533DF /* Lottie */; };
		A25050372923B70E001533DF /* AlertDisplaying.swift in Sources */ = {isa = PBXBuildFile; fileRef = A25050362923B70E001533DF /* AlertDisplaying.swift */; };
		A25050392923B8FE001533DF /* RxSwift.swift in Sources */ = {isa = PBXBuildFile; fileRef = A25050382923B8FE001533DF /* RxSwift.swift */; };
		A250503D292449C9001533DF /* DateHelper.swift in Sources */ = {isa = PBXBuildFile; fileRef = A250503C292449C9001533DF /* DateHelper.swift */; };
		A250503F29246511001533DF /* ByteHelper.swift in Sources */ = {isa = PBXBuildFile; fileRef = A250503E29246511001533DF /* ByteHelper.swift */; };
		A2505042292472E8001533DF /* WebKit.framework in Frameworks */ = {isa = PBXBuildFile; fileRef = A2505041292472E8001533DF /* WebKit.framework */; };
		A25050452924735B001533DF /* WebView.storyboard in Resources */ = {isa = PBXBuildFile; fileRef = A25050442924735A001533DF /* WebView.storyboard */; };
		A2505047292473A8001533DF /* WebViewController.swift in Sources */ = {isa = PBXBuildFile; fileRef = A2505046292473A8001533DF /* WebViewController.swift */; };
		A2505049292491A3001533DF /* RepositoryDetailViewModel.swift in Sources */ = {isa = PBXBuildFile; fileRef = A2505048292491A3001533DF /* RepositoryDetailViewModel.swift */; };
		A250504B29249525001533DF /* UIViewController+Rx.swift in Sources */ = {isa = PBXBuildFile; fileRef = A250504A29249525001533DF /* UIViewController+Rx.swift */; };
		A250504D29249920001533DF /* GitHubReadme.swift in Sources */ = {isa = PBXBuildFile; fileRef = A250504C29249920001533DF /* GitHubReadme.swift */; };
		A2D71D742924C9B600517B55 /* WebViewModel.swift in Sources */ = {isa = PBXBuildFile; fileRef = A2D71D732924C9B600517B55 /* WebViewModel.swift */; };
		A2D71D762924CA0500517B55 /* WebLoadError.swift in Sources */ = {isa = PBXBuildFile; fileRef = A2D71D752924CA0500517B55 /* WebLoadError.swift */; };
		A2D71D782924CDDE00517B55 /* WKNavigationDelegate+Rx.swift in Sources */ = {isa = PBXBuildFile; fileRef = A2D71D772924CDDE00517B55 /* WKNavigationDelegate+Rx.swift */; };
		A2D71D7B2924E9F200517B55 /* PageObject.swift in Sources */ = {isa = PBXBuildFile; fileRef = A2D71D7A2924E9F200517B55 /* PageObject.swift */; };
		A2D71D7D2924EA6B00517B55 /* RepositorySearchPage.swift in Sources */ = {isa = PBXBuildFile; fileRef = A2D71D7C2924EA6B00517B55 /* RepositorySearchPage.swift */; };
		A2D71D7F2924EDB600517B55 /* RepositorySearchViewUITest.swift in Sources */ = {isa = PBXBuildFile; fileRef = A2D71D7E2924EDB600517B55 /* RepositorySearchViewUITest.swift */; };
		A2D71D812924FDFE00517B55 /* RepositoryDetailPage.swift in Sources */ = {isa = PBXBuildFile; fileRef = A2D71D802924FDFE00517B55 /* RepositoryDetailPage.swift */; };
		A2D71D832925018700517B55 /* RepositoryDetailViewUITest.swift in Sources */ = {isa = PBXBuildFile; fileRef = A2D71D822925018700517B55 /* RepositoryDetailViewUITest.swift */; };
		A2D71D852925127D00517B55 /* WebPage.swift in Sources */ = {isa = PBXBuildFile; fileRef = A2D71D842925127D00517B55 /* WebPage.swift */; };
		BF0A658D244F2A3B00280FA6 /* RepositoryDetailViewController.swift in Sources */ = {isa = PBXBuildFile; fileRef = BF0A658C244F2A3B00280FA6 /* RepositoryDetailViewController.swift */; };
		BFD945DF244DC5E80012785A /* AppDelegate.swift in Sources */ = {isa = PBXBuildFile; fileRef = BFD945DE244DC5E80012785A /* AppDelegate.swift */; };
		BFD945E1244DC5E80012785A /* SceneDelegate.swift in Sources */ = {isa = PBXBuildFile; fileRef = BFD945E0244DC5E80012785A /* SceneDelegate.swift */; };
		BFD945E3244DC5E80012785A /* RepositorySearchViewController.swift in Sources */ = {isa = PBXBuildFile; fileRef = BFD945E2244DC5E80012785A /* RepositorySearchViewController.swift */; };
		BFD945E8244DC5EB0012785A /* Assets.xcassets in Resources */ = {isa = PBXBuildFile; fileRef = BFD945E7244DC5EB0012785A /* Assets.xcassets */; };
		BFD945EB244DC5EB0012785A /* LaunchScreen.storyboard in Resources */ = {isa = PBXBuildFile; fileRef = BFD945E9244DC5EB0012785A /* LaunchScreen.storyboard */; };
		BFD945F6244DC5EB0012785A /* iOSEngineerCodeCheckTests.swift in Sources */ = {isa = PBXBuildFile; fileRef = BFD945F5244DC5EB0012785A /* iOSEngineerCodeCheckTests.swift */; };
		BFD94601244DC5EC0012785A /* iOSEngineerCodeCheckUITests.swift in Sources */ = {isa = PBXBuildFile; fileRef = BFD94600244DC5EC0012785A /* iOSEngineerCodeCheckUITests.swift */; };
/* End PBXBuildFile section */

/* Begin PBXContainerItemProxy section */
		BFD945F2244DC5EB0012785A /* PBXContainerItemProxy */ = {
			isa = PBXContainerItemProxy;
			containerPortal = BFD945D3244DC5E80012785A /* Project object */;
			proxyType = 1;
			remoteGlobalIDString = BFD945DA244DC5E80012785A;
			remoteInfo = iOSEngineerCodeCheck;
		};
		BFD945FD244DC5EB0012785A /* PBXContainerItemProxy */ = {
			isa = PBXContainerItemProxy;
			containerPortal = BFD945D3244DC5E80012785A /* Project object */;
			proxyType = 1;
			remoteGlobalIDString = BFD945DA244DC5E80012785A;
			remoteInfo = iOSEngineerCodeCheck;
		};
/* End PBXContainerItemProxy section */

/* Begin PBXFileReference section */
		A2475817292592DB000F6E22 /* RepositorySampleData.swift */ = {isa = PBXFileReference; lastKnownFileType = sourcecode.swift; path = RepositorySampleData.swift; sourceTree = "<group>"; };
		A2475819292594C3000F6E22 /* ReadmeSampleData.swift */ = {isa = PBXFileReference; lastKnownFileType = sourcecode.swift; path = ReadmeSampleData.swift; sourceTree = "<group>"; };
		A247581C29259561000F6E22 /* GitHubAPIMock.swift */ = {isa = PBXFileReference; lastKnownFileType = sourcecode.swift; path = GitHubAPIMock.swift; sourceTree = "<group>"; };
		A247581F2925975F000F6E22 /* RepositorySearchViewModelTest.swift */ = {isa = PBXFileReference; lastKnownFileType = sourcecode.swift; path = RepositorySearchViewModelTest.swift; sourceTree = "<group>"; };
		A24758212925A3B6000F6E22 /* RepositoryDetailViewModelTest.swift */ = {isa = PBXFileReference; lastKnownFileType = sourcecode.swift; path = RepositoryDetailViewModelTest.swift; sourceTree = "<group>"; };
		A24758232925A9ED000F6E22 /* WebViewModelTest.swift */ = {isa = PBXFileReference; lastKnownFileType = sourcecode.swift; path = WebViewModelTest.swift; sourceTree = "<group>"; };
		A2504FFB29236188001533DF /* GitHubRepository.swift */ = {isa = PBXFileReference; lastKnownFileType = sourcecode.swift; path = GitHubRepository.swift; sourceTree = "<group>"; };
		A2504FFD292362C0001533DF /* SearchResponse.swift */ = {isa = PBXFileReference; lastKnownFileType = sourcecode.swift; path = SearchResponse.swift; sourceTree = "<group>"; };
		A250500429236376001533DF /* GitHubAPITarget.swift */ = {isa = PBXFileReference; lastKnownFileType = sourcecode.swift; path = GitHubAPITarget.swift; sourceTree = "<group>"; };
		A2505006292367EC001533DF /* APIClientError.swift */ = {isa = PBXFileReference; lastKnownFileType = sourcecode.swift; path = APIClientError.swift; sourceTree = "<group>"; };
		A25050082923690E001533DF /* GitHubAPI.swift */ = {isa = PBXFileReference; lastKnownFileType = sourcecode.swift; path = GitHubAPI.swift; sourceTree = "<group>"; };
		A250501629238ACB001533DF /* RepositorySearchViewModel.swift */ = {isa = PBXFileReference; lastKnownFileType = sourcecode.swift; path = RepositorySearchViewModel.swift; sourceTree = "<group>"; };
		A250501829238B22001533DF /* ViewModelType.swift */ = {isa = PBXFileReference; lastKnownFileType = sourcecode.swift; path = ViewModelType.swift; sourceTree = "<group>"; };
		A250501D2923940F001533DF /* StoryboardInstantiable.swift */ = {isa = PBXFileReference; lastKnownFileType = sourcecode.swift; path = StoryboardInstantiable.swift; sourceTree = "<group>"; };
		A250501F292394A9001533DF /* RepositorySearchView.storyboard */ = {isa = PBXFileReference; lastKnownFileType = file.storyboard; path = RepositorySearchView.storyboard; sourceTree = "<group>"; };
		A2505021292394E6001533DF /* RepositoryDetailView.storyboard */ = {isa = PBXFileReference; lastKnownFileType = file.storyboard; path = RepositoryDetailView.storyboard; sourceTree = "<group>"; };
		A250502529239C37001533DF /* RepositorySearchTableViewCell.swift */ = {isa = PBXFileReference; lastKnownFileType = sourcecode.swift; path = RepositorySearchTableViewCell.swift; sourceTree = "<group>"; };
		A250502629239C37001533DF /* RepositorySearchTableViewCell.xib */ = {isa = PBXFileReference; lastKnownFileType = file.xib; path = RepositorySearchTableViewCell.xib; sourceTree = "<group>"; };
		A250502929239FF7001533DF /* LanguageIcon.swift */ = {isa = PBXFileReference; lastKnownFileType = sourcecode.swift; path = LanguageIcon.swift; sourceTree = "<group>"; };
		A250502C2923A196001533DF /* UIColor.swift */ = {isa = PBXFileReference; lastKnownFileType = sourcecode.swift; path = UIColor.swift; sourceTree = "<group>"; };
		A25050312923B074001533DF /* UIImageView.swift */ = {isa = PBXFileReference; lastKnownFileType = sourcecode.swift; path = UIImageView.swift; sourceTree = "<group>"; };
		A25050362923B70E001533DF /* AlertDisplaying.swift */ = {isa = PBXFileReference; lastKnownFileType = sourcecode.swift; path = AlertDisplaying.swift; sourceTree = "<group>"; };
		A25050382923B8FE001533DF /* RxSwift.swift */ = {isa = PBXFileReference; lastKnownFileType = sourcecode.swift; path = RxSwift.swift; sourceTree = "<group>"; };
		A250503A29243ADB001533DF /* ja */ = {isa = PBXFileReference; lastKnownFileType = text.plist.strings; name = ja; path = ja.lproj/LaunchScreen.strings; sourceTree = "<group>"; };
		A250503C292449C9001533DF /* DateHelper.swift */ = {isa = PBXFileReference; lastKnownFileType = sourcecode.swift; path = DateHelper.swift; sourceTree = "<group>"; };
		A250503E29246511001533DF /* ByteHelper.swift */ = {isa = PBXFileReference; lastKnownFileType = sourcecode.swift; path = ByteHelper.swift; sourceTree = "<group>"; };
		A2505041292472E8001533DF /* WebKit.framework */ = {isa = PBXFileReference; lastKnownFileType = wrapper.framework; name = WebKit.framework; path = System/Library/Frameworks/WebKit.framework; sourceTree = SDKROOT; };
		A25050442924735A001533DF /* WebView.storyboard */ = {isa = PBXFileReference; lastKnownFileType = file.storyboard; path = WebView.storyboard; sourceTree = "<group>"; };
		A2505046292473A8001533DF /* WebViewController.swift */ = {isa = PBXFileReference; lastKnownFileType = sourcecode.swift; path = WebViewController.swift; sourceTree = "<group>"; };
		A2505048292491A3001533DF /* RepositoryDetailViewModel.swift */ = {isa = PBXFileReference; lastKnownFileType = sourcecode.swift; path = RepositoryDetailViewModel.swift; sourceTree = "<group>"; };
		A250504A29249525001533DF /* UIViewController+Rx.swift */ = {isa = PBXFileReference; lastKnownFileType = sourcecode.swift; path = "UIViewController+Rx.swift"; sourceTree = "<group>"; };
		A250504C29249920001533DF /* GitHubReadme.swift */ = {isa = PBXFileReference; lastKnownFileType = sourcecode.swift; path = GitHubReadme.swift; sourceTree = "<group>"; };
		A2D71D732924C9B600517B55 /* WebViewModel.swift */ = {isa = PBXFileReference; lastKnownFileType = sourcecode.swift; path = WebViewModel.swift; sourceTree = "<group>"; };
		A2D71D752924CA0500517B55 /* WebLoadError.swift */ = {isa = PBXFileReference; lastKnownFileType = sourcecode.swift; path = WebLoadError.swift; sourceTree = "<group>"; };
		A2D71D772924CDDE00517B55 /* WKNavigationDelegate+Rx.swift */ = {isa = PBXFileReference; lastKnownFileType = sourcecode.swift; path = "WKNavigationDelegate+Rx.swift"; sourceTree = "<group>"; };
		A2D71D7A2924E9F200517B55 /* PageObject.swift */ = {isa = PBXFileReference; lastKnownFileType = sourcecode.swift; path = PageObject.swift; sourceTree = "<group>"; };
		A2D71D7C2924EA6B00517B55 /* RepositorySearchPage.swift */ = {isa = PBXFileReference; lastKnownFileType = sourcecode.swift; path = RepositorySearchPage.swift; sourceTree = "<group>"; };
		A2D71D7E2924EDB600517B55 /* RepositorySearchViewUITest.swift */ = {isa = PBXFileReference; lastKnownFileType = sourcecode.swift; path = RepositorySearchViewUITest.swift; sourceTree = "<group>"; };
		A2D71D802924FDFE00517B55 /* RepositoryDetailPage.swift */ = {isa = PBXFileReference; lastKnownFileType = sourcecode.swift; path = RepositoryDetailPage.swift; sourceTree = "<group>"; };
		A2D71D822925018700517B55 /* RepositoryDetailViewUITest.swift */ = {isa = PBXFileReference; lastKnownFileType = sourcecode.swift; path = RepositoryDetailViewUITest.swift; sourceTree = "<group>"; };
		A2D71D842925127D00517B55 /* WebPage.swift */ = {isa = PBXFileReference; lastKnownFileType = sourcecode.swift; path = WebPage.swift; sourceTree = "<group>"; };
		BF0A658C244F2A3B00280FA6 /* RepositoryDetailViewController.swift */ = {isa = PBXFileReference; lastKnownFileType = sourcecode.swift; path = RepositoryDetailViewController.swift; sourceTree = "<group>"; };
		BFD945DB244DC5E80012785A /* iOSEngineerCodeCheck.app */ = {isa = PBXFileReference; explicitFileType = wrapper.application; includeInIndex = 0; path = iOSEngineerCodeCheck.app; sourceTree = BUILT_PRODUCTS_DIR; };
		BFD945DE244DC5E80012785A /* AppDelegate.swift */ = {isa = PBXFileReference; lastKnownFileType = sourcecode.swift; path = AppDelegate.swift; sourceTree = "<group>"; };
		BFD945E0244DC5E80012785A /* SceneDelegate.swift */ = {isa = PBXFileReference; lastKnownFileType = sourcecode.swift; path = SceneDelegate.swift; sourceTree = "<group>"; };
		BFD945E2244DC5E80012785A /* RepositorySearchViewController.swift */ = {isa = PBXFileReference; lastKnownFileType = sourcecode.swift; path = RepositorySearchViewController.swift; sourceTree = "<group>"; };
		BFD945E7244DC5EB0012785A /* Assets.xcassets */ = {isa = PBXFileReference; lastKnownFileType = folder.assetcatalog; path = Assets.xcassets; sourceTree = "<group>"; };
		BFD945EA244DC5EB0012785A /* Base */ = {isa = PBXFileReference; lastKnownFileType = file.storyboard; name = Base; path = Base.lproj/LaunchScreen.storyboard; sourceTree = "<group>"; };
		BFD945EC244DC5EB0012785A /* Info.plist */ = {isa = PBXFileReference; lastKnownFileType = text.plist.xml; path = Info.plist; sourceTree = "<group>"; };
		BFD945F1244DC5EB0012785A /* iOSEngineerCodeCheckTests.xctest */ = {isa = PBXFileReference; explicitFileType = wrapper.cfbundle; includeInIndex = 0; path = iOSEngineerCodeCheckTests.xctest; sourceTree = BUILT_PRODUCTS_DIR; };
		BFD945F5244DC5EB0012785A /* iOSEngineerCodeCheckTests.swift */ = {isa = PBXFileReference; lastKnownFileType = sourcecode.swift; path = iOSEngineerCodeCheckTests.swift; sourceTree = "<group>"; };
		BFD945F7244DC5EB0012785A /* Info.plist */ = {isa = PBXFileReference; lastKnownFileType = text.plist.xml; path = Info.plist; sourceTree = "<group>"; };
		BFD945FC244DC5EB0012785A /* iOSEngineerCodeCheckUITests.xctest */ = {isa = PBXFileReference; explicitFileType = wrapper.cfbundle; includeInIndex = 0; path = iOSEngineerCodeCheckUITests.xctest; sourceTree = BUILT_PRODUCTS_DIR; };
		BFD94600244DC5EC0012785A /* iOSEngineerCodeCheckUITests.swift */ = {isa = PBXFileReference; lastKnownFileType = sourcecode.swift; path = iOSEngineerCodeCheckUITests.swift; sourceTree = "<group>"; };
		BFD94602244DC5EC0012785A /* Info.plist */ = {isa = PBXFileReference; lastKnownFileType = text.plist.xml; path = Info.plist; sourceTree = "<group>"; };
/* End PBXFileReference section */

/* Begin PBXFrameworksBuildPhase section */
		BFD945D8244DC5E80012785A /* Frameworks */ = {
			isa = PBXFrameworksBuildPhase;
			buildActionMask = 2147483647;
			files = (
				A250501529238A9B001533DF /* RxSwift in Frameworks */,
				A250501329238A9B001533DF /* RxRelay in Frameworks */,
				A250500C29236E98001533DF /* Kingfisher in Frameworks */,
				A25050032923634E001533DF /* RxMoya in Frameworks */,
				A250501129238A9B001533DF /* RxCocoa in Frameworks */,
				A2505042292472E8001533DF /* WebKit.framework in Frameworks */,
				A25050012923634E001533DF /* Moya in Frameworks */,
				A25050302923AE21001533DF /* PKHUD in Frameworks */,
				A25050352923B13E001533DF /* Lottie in Frameworks */,
			);
			runOnlyForDeploymentPostprocessing = 0;
		};
		BFD945EE244DC5EB0012785A /* Frameworks */ = {
			isa = PBXFrameworksBuildPhase;
			buildActionMask = 2147483647;
			files = (
				A2475816292592A5000F6E22 /* RxTest in Frameworks */,
				A2475814292592A5000F6E22 /* RxBlocking in Frameworks */,
			);
			runOnlyForDeploymentPostprocessing = 0;
		};
		BFD945F9244DC5EB0012785A /* Frameworks */ = {
			isa = PBXFrameworksBuildPhase;
			buildActionMask = 2147483647;
			files = (
			);
			runOnlyForDeploymentPostprocessing = 0;
		};
/* End PBXFrameworksBuildPhase section */

/* Begin PBXGroup section */
		A247581B29259528000F6E22 /* Mock */ = {
			isa = PBXGroup;
			children = (
				A247581C29259561000F6E22 /* GitHubAPIMock.swift */,
			);
			path = Mock;
			sourceTree = "<group>";
		};
		A247581E29259714000F6E22 /* ViewModel */ = {
			isa = PBXGroup;
			children = (
				A247581F2925975F000F6E22 /* RepositorySearchViewModelTest.swift */,
				A24758212925A3B6000F6E22 /* RepositoryDetailViewModelTest.swift */,
				A24758232925A9ED000F6E22 /* WebViewModelTest.swift */,
			);
			path = ViewModel;
			sourceTree = "<group>";
		};
		A24758252925AFEB000F6E22 /* API */ = {
			isa = PBXGroup;
			children = (
				A24758262925B029000F6E22 /* Stub */,
			);
			path = API;
			sourceTree = "<group>";
		};
		A24758262925B029000F6E22 /* Stub */ = {
			isa = PBXGroup;
			children = (
			);
			path = Stub;
			sourceTree = "<group>";
		};
		A2504FFA29236160001533DF /* Model */ = {
			isa = PBXGroup;
			children = (
				A250500429236376001533DF /* GitHubAPITarget.swift */,
				A25050082923690E001533DF /* GitHubAPI.swift */,
				A250500E29237067001533DF /* Error */,
				A250500D29237045001533DF /* Response */,
			);
			path = Model;
			sourceTree = "<group>";
		};
		A250500D29237045001533DF /* Response */ = {
			isa = PBXGroup;
			children = (
				A2504FFD292362C0001533DF /* SearchResponse.swift */,
				A2504FFB29236188001533DF /* GitHubRepository.swift */,
				A250504C29249920001533DF /* GitHubReadme.swift */,
			);
			path = Response;
			sourceTree = "<group>";
		};
		A250500E29237067001533DF /* Error */ = {
			isa = PBXGroup;
			children = (
				A2505006292367EC001533DF /* APIClientError.swift */,
			);
			path = Error;
			sourceTree = "<group>";
		};
		A250501A2923938A001533DF /* UI */ = {
			isa = PBXGroup;
			children = (
				A25050362923B70E001533DF /* AlertDisplaying.swift */,
				A250501829238B22001533DF /* ViewModelType.swift */,
				A250501D2923940F001533DF /* StoryboardInstantiable.swift */,
				A250502929239FF7001533DF /* LanguageIcon.swift */,
				A250501B292393B9001533DF /* RepositorySearchView */,
				A250501C292393D6001533DF /* RepositoryDetailView */,
				A250504329247316001533DF /* WebView */,
			);
			path = UI;
			sourceTree = "<group>";
		};
		A250501B292393B9001533DF /* RepositorySearchView */ = {
			isa = PBXGroup;
			children = (
				BFD945E2244DC5E80012785A /* RepositorySearchViewController.swift */,
				A250501629238ACB001533DF /* RepositorySearchViewModel.swift */,
				A250501F292394A9001533DF /* RepositorySearchView.storyboard */,
				A250502429239BDD001533DF /* RepositorySearchTableViewCell */,
			);
			path = RepositorySearchView;
			sourceTree = "<group>";
		};
		A250501C292393D6001533DF /* RepositoryDetailView */ = {
			isa = PBXGroup;
			children = (
				BF0A658C244F2A3B00280FA6 /* RepositoryDetailViewController.swift */,
				A2505048292491A3001533DF /* RepositoryDetailViewModel.swift */,
				A2505021292394E6001533DF /* RepositoryDetailView.storyboard */,
			);
			path = RepositoryDetailView;
			sourceTree = "<group>";
		};
		A250502329239933001533DF /* Application */ = {
			isa = PBXGroup;
			children = (
				BFD945E9244DC5EB0012785A /* LaunchScreen.storyboard */,
				BFD945E0244DC5E80012785A /* SceneDelegate.swift */,
				BFD945DE244DC5E80012785A /* AppDelegate.swift */,
			);
			path = Application;
			sourceTree = "<group>";
		};
		A250502429239BDD001533DF /* RepositorySearchTableViewCell */ = {
			isa = PBXGroup;
			children = (
				A250502529239C37001533DF /* RepositorySearchTableViewCell.swift */,
				A250502629239C37001533DF /* RepositorySearchTableViewCell.xib */,
			);
			path = RepositorySearchTableViewCell;
			sourceTree = "<group>";
		};
		A250502B2923A169001533DF /* Extension */ = {
			isa = PBXGroup;
			children = (
				A250502C2923A196001533DF /* UIColor.swift */,
				A25050312923B074001533DF /* UIImageView.swift */,
				A25050382923B8FE001533DF /* RxSwift.swift */,
				A2D71D772924CDDE00517B55 /* WKNavigationDelegate+Rx.swift */,
			);
			path = Extension;
			sourceTree = "<group>";
		};
		A250503B29244944001533DF /* Helper */ = {
			isa = PBXGroup;
			children = (
				A250503C292449C9001533DF /* DateHelper.swift */,
				A250503E29246511001533DF /* ByteHelper.swift */,
				A250504A29249525001533DF /* UIViewController+Rx.swift */,
			);
			path = Helper;
			sourceTree = "<group>";
		};
		A2505040292472E7001533DF /* Frameworks */ = {
			isa = PBXGroup;
			children = (
				A2505041292472E8001533DF /* WebKit.framework */,
			);
			name = Frameworks;
			sourceTree = "<group>";
		};
		A250504329247316001533DF /* WebView */ = {
			isa = PBXGroup;
			children = (
				A2D71D752924CA0500517B55 /* WebLoadError.swift */,
				A2505046292473A8001533DF /* WebViewController.swift */,
				A2D71D732924C9B600517B55 /* WebViewModel.swift */,
				A25050442924735A001533DF /* WebView.storyboard */,
			);
			path = WebView;
			sourceTree = "<group>";
		};
		A2D71D792924E9C600517B55 /* PageObject */ = {
			isa = PBXGroup;
			children = (
				A2D71D7A2924E9F200517B55 /* PageObject.swift */,
				A2D71D7C2924EA6B00517B55 /* RepositorySearchPage.swift */,
				A2D71D802924FDFE00517B55 /* RepositoryDetailPage.swift */,
				A2D71D842925127D00517B55 /* WebPage.swift */,
			);
			path = PageObject;
			sourceTree = "<group>";
		};
		BFD945D2244DC5E80012785A = {
			isa = PBXGroup;
			children = (
				BFD945DD244DC5E80012785A /* iOSEngineerCodeCheck */,
				BFD945F4244DC5EB0012785A /* iOSEngineerCodeCheckTests */,
				BFD945FF244DC5EB0012785A /* iOSEngineerCodeCheckUITests */,
				BFD945DC244DC5E80012785A /* Products */,
				A2505040292472E7001533DF /* Frameworks */,
			);
			sourceTree = "<group>";
		};
		BFD945DC244DC5E80012785A /* Products */ = {
			isa = PBXGroup;
			children = (
				BFD945DB244DC5E80012785A /* iOSEngineerCodeCheck.app */,
				BFD945F1244DC5EB0012785A /* iOSEngineerCodeCheckTests.xctest */,
				BFD945FC244DC5EB0012785A /* iOSEngineerCodeCheckUITests.xctest */,
			);
			name = Products;
			sourceTree = "<group>";
		};
		BFD945DD244DC5E80012785A /* iOSEngineerCodeCheck */ = {
			isa = PBXGroup;
			children = (
				A250502329239933001533DF /* Application */,
				A250502B2923A169001533DF /* Extension */,
				A250503B29244944001533DF /* Helper */,
				A2504FFA29236160001533DF /* Model */,
				A250501A2923938A001533DF /* UI */,
				BFD945E7244DC5EB0012785A /* Assets.xcassets */,
				BFD945EC244DC5EB0012785A /* Info.plist */,
			);
			path = iOSEngineerCodeCheck;
			sourceTree = "<group>";
		};
		BFD945F4244DC5EB0012785A /* iOSEngineerCodeCheckTests */ = {
			isa = PBXGroup;
			children = (
				A247581B29259528000F6E22 /* Mock */,
				A247581E29259714000F6E22 /* ViewModel */,
				A24758252925AFEB000F6E22 /* API */,
				BFD945F5244DC5EB0012785A /* iOSEngineerCodeCheckTests.swift */,
				BFD945F7244DC5EB0012785A /* Info.plist */,
				A2475817292592DB000F6E22 /* RepositorySampleData.swift */,
				A2475819292594C3000F6E22 /* ReadmeSampleData.swift */,
			);
			path = iOSEngineerCodeCheckTests;
			sourceTree = "<group>";
		};
		BFD945FF244DC5EB0012785A /* iOSEngineerCodeCheckUITests */ = {
			isa = PBXGroup;
			children = (
				A2D71D792924E9C600517B55 /* PageObject */,
				BFD94600244DC5EC0012785A /* iOSEngineerCodeCheckUITests.swift */,
				A2D71D7E2924EDB600517B55 /* RepositorySearchViewUITest.swift */,
				A2D71D822925018700517B55 /* RepositoryDetailViewUITest.swift */,
				BFD94602244DC5EC0012785A /* Info.plist */,
			);
			path = iOSEngineerCodeCheckUITests;
			sourceTree = "<group>";
		};
/* End PBXGroup section */

/* Begin PBXNativeTarget section */
		BFD945DA244DC5E80012785A /* iOSEngineerCodeCheck */ = {
			isa = PBXNativeTarget;
			buildConfigurationList = BFD94605244DC5EC0012785A /* Build configuration list for PBXNativeTarget "iOSEngineerCodeCheck" */;
			buildPhases = (
				BFD945D7244DC5E80012785A /* Sources */,
				BFD945D8244DC5E80012785A /* Frameworks */,
				BFD945D9244DC5E80012785A /* Resources */,
			);
			buildRules = (
			);
			dependencies = (
			);
			name = iOSEngineerCodeCheck;
			packageProductDependencies = (
				A25050002923634E001533DF /* Moya */,
				A25050022923634E001533DF /* RxMoya */,
				A250500B29236E98001533DF /* Kingfisher */,
				A250501029238A9B001533DF /* RxCocoa */,
				A250501229238A9B001533DF /* RxRelay */,
				A250501429238A9B001533DF /* RxSwift */,
				A250502F2923AE21001533DF /* PKHUD */,
				A25050342923B13E001533DF /* Lottie */,
			);
			productName = iOSEngineerCodeCheck;
			productReference = BFD945DB244DC5E80012785A /* iOSEngineerCodeCheck.app */;
			productType = "com.apple.product-type.application";
		};
		BFD945F0244DC5EB0012785A /* iOSEngineerCodeCheckTests */ = {
			isa = PBXNativeTarget;
			buildConfigurationList = BFD94608244DC5EC0012785A /* Build configuration list for PBXNativeTarget "iOSEngineerCodeCheckTests" */;
			buildPhases = (
				BFD945ED244DC5EB0012785A /* Sources */,
				BFD945EE244DC5EB0012785A /* Frameworks */,
				BFD945EF244DC5EB0012785A /* Resources */,
			);
			buildRules = (
			);
			dependencies = (
				BFD945F3244DC5EB0012785A /* PBXTargetDependency */,
			);
			name = iOSEngineerCodeCheckTests;
			packageProductDependencies = (
				A2475813292592A5000F6E22 /* RxBlocking */,
				A2475815292592A5000F6E22 /* RxTest */,
			);
			productName = iOSEngineerCodeCheckTests;
			productReference = BFD945F1244DC5EB0012785A /* iOSEngineerCodeCheckTests.xctest */;
			productType = "com.apple.product-type.bundle.unit-test";
		};
		BFD945FB244DC5EB0012785A /* iOSEngineerCodeCheckUITests */ = {
			isa = PBXNativeTarget;
			buildConfigurationList = BFD9460B244DC5EC0012785A /* Build configuration list for PBXNativeTarget "iOSEngineerCodeCheckUITests" */;
			buildPhases = (
				BFD945F8244DC5EB0012785A /* Sources */,
				BFD945F9244DC5EB0012785A /* Frameworks */,
				BFD945FA244DC5EB0012785A /* Resources */,
			);
			buildRules = (
			);
			dependencies = (
				BFD945FE244DC5EB0012785A /* PBXTargetDependency */,
			);
			name = iOSEngineerCodeCheckUITests;
			productName = iOSEngineerCodeCheckUITests;
			productReference = BFD945FC244DC5EB0012785A /* iOSEngineerCodeCheckUITests.xctest */;
			productType = "com.apple.product-type.bundle.ui-testing";
		};
/* End PBXNativeTarget section */

/* Begin PBXProject section */
		BFD945D3244DC5E80012785A /* Project object */ = {
			isa = PBXProject;
			attributes = {
				LastSwiftUpdateCheck = 1300;
				LastUpgradeCheck = 1300;
				ORGANIZATIONNAME = "YUMEMI Inc.";
				TargetAttributes = {
					BFD945DA244DC5E80012785A = {
						CreatedOnToolsVersion = 11.4.1;
					};
					BFD945F0244DC5EB0012785A = {
						CreatedOnToolsVersion = 11.4.1;
						TestTargetID = BFD945DA244DC5E80012785A;
					};
					BFD945FB244DC5EB0012785A = {
						CreatedOnToolsVersion = 11.4.1;
						TestTargetID = BFD945DA244DC5E80012785A;
					};
				};
			};
			buildConfigurationList = BFD945D6244DC5E80012785A /* Build configuration list for PBXProject "iOSEngineerCodeCheck" */;
			compatibilityVersion = "Xcode 9.3";
			developmentRegion = en;
			hasScannedForEncodings = 0;
			knownRegions = (
				en,
				Base,
				ja,
			);
			mainGroup = BFD945D2244DC5E80012785A;
			packageReferences = (
				A2504FFF2923634E001533DF /* XCRemoteSwiftPackageReference "Moya" */,
				A250500A29236E98001533DF /* XCRemoteSwiftPackageReference "Kingfisher" */,
				A250500F29238A9B001533DF /* XCRemoteSwiftPackageReference "RxSwift" */,
				A250502E2923AE21001533DF /* XCRemoteSwiftPackageReference "PKHUD" */,
				A25050332923B13E001533DF /* XCRemoteSwiftPackageReference "lottie-ios" */,
			);
			productRefGroup = BFD945DC244DC5E80012785A /* Products */;
			projectDirPath = "";
			projectRoot = "";
			targets = (
				BFD945DA244DC5E80012785A /* iOSEngineerCodeCheck */,
				BFD945F0244DC5EB0012785A /* iOSEngineerCodeCheckTests */,
				BFD945FB244DC5EB0012785A /* iOSEngineerCodeCheckUITests */,
			);
		};
/* End PBXProject section */

/* Begin PBXResourcesBuildPhase section */
		BFD945D9244DC5E80012785A /* Resources */ = {
			isa = PBXResourcesBuildPhase;
			buildActionMask = 2147483647;
			files = (
				A2505022292394E6001533DF /* RepositoryDetailView.storyboard in Resources */,
				BFD945EB244DC5EB0012785A /* LaunchScreen.storyboard in Resources */,
				A250502829239C37001533DF /* RepositorySearchTableViewCell.xib in Resources */,
				BFD945E8244DC5EB0012785A /* Assets.xcassets in Resources */,
				A25050452924735B001533DF /* WebView.storyboard in Resources */,
				A2505020292394A9001533DF /* RepositorySearchView.storyboard in Resources */,
			);
			runOnlyForDeploymentPostprocessing = 0;
		};
		BFD945EF244DC5EB0012785A /* Resources */ = {
			isa = PBXResourcesBuildPhase;
			buildActionMask = 2147483647;
			files = (
			);
			runOnlyForDeploymentPostprocessing = 0;
		};
		BFD945FA244DC5EB0012785A /* Resources */ = {
			isa = PBXResourcesBuildPhase;
			buildActionMask = 2147483647;
			files = (
			);
			runOnlyForDeploymentPostprocessing = 0;
		};
/* End PBXResourcesBuildPhase section */

/* Begin PBXSourcesBuildPhase section */
		BFD945D7244DC5E80012785A /* Sources */ = {
			isa = PBXSourcesBuildPhase;
			buildActionMask = 2147483647;
			files = (
				A25050372923B70E001533DF /* AlertDisplaying.swift in Sources */,
				A250502729239C37001533DF /* RepositorySearchTableViewCell.swift in Sources */,
				A250501929238B22001533DF /* ViewModelType.swift in Sources */,
				BFD945E3244DC5E80012785A /* RepositorySearchViewController.swift in Sources */,
				A2505047292473A8001533DF /* WebViewController.swift in Sources */,
				A2505049292491A3001533DF /* RepositoryDetailViewModel.swift in Sources */,
				A250504B29249525001533DF /* UIViewController+Rx.swift in Sources */,
				A2D71D762924CA0500517B55 /* WebLoadError.swift in Sources */,
				A25050092923690E001533DF /* GitHubAPI.swift in Sources */,
				A2D71D742924C9B600517B55 /* WebViewModel.swift in Sources */,
				A250502D2923A196001533DF /* UIColor.swift in Sources */,
				A250502A29239FF7001533DF /* LanguageIcon.swift in Sources */,
				A2D71D782924CDDE00517B55 /* WKNavigationDelegate+Rx.swift in Sources */,
				A250500529236376001533DF /* GitHubAPITarget.swift in Sources */,
				A2505007292367EC001533DF /* APIClientError.swift in Sources */,
				A250503D292449C9001533DF /* DateHelper.swift in Sources */,
				A25050322923B074001533DF /* UIImageView.swift in Sources */,
				A250504D29249920001533DF /* GitHubReadme.swift in Sources */,
				BF0A658D244F2A3B00280FA6 /* RepositoryDetailViewController.swift in Sources */,
				A2504FFE292362C1001533DF /* SearchResponse.swift in Sources */,
				A250501729238ACB001533DF /* RepositorySearchViewModel.swift in Sources */,
				BFD945DF244DC5E80012785A /* AppDelegate.swift in Sources */,
				A2504FFC29236188001533DF /* GitHubRepository.swift in Sources */,
				A25050392923B8FE001533DF /* RxSwift.swift in Sources */,
				A250501E2923940F001533DF /* StoryboardInstantiable.swift in Sources */,
				BFD945E1244DC5E80012785A /* SceneDelegate.swift in Sources */,
				A250503F29246511001533DF /* ByteHelper.swift in Sources */,
			);
			runOnlyForDeploymentPostprocessing = 0;
		};
		BFD945ED244DC5EB0012785A /* Sources */ = {
			isa = PBXSourcesBuildPhase;
			buildActionMask = 2147483647;
			files = (
				BFD945F6244DC5EB0012785A /* iOSEngineerCodeCheckTests.swift in Sources */,
				A247581D29259561000F6E22 /* GitHubAPIMock.swift in Sources */,
				A24758202925975F000F6E22 /* RepositorySearchViewModelTest.swift in Sources */,
				A24758222925A3B6000F6E22 /* RepositoryDetailViewModelTest.swift in Sources */,
				A2475818292592DB000F6E22 /* RepositorySampleData.swift in Sources */,
				A24758242925A9ED000F6E22 /* WebViewModelTest.swift in Sources */,
				A247581A292594C3000F6E22 /* ReadmeSampleData.swift in Sources */,
			);
			runOnlyForDeploymentPostprocessing = 0;
		};
		BFD945F8244DC5EB0012785A /* Sources */ = {
			isa = PBXSourcesBuildPhase;
			buildActionMask = 2147483647;
			files = (
				A2D71D7F2924EDB600517B55 /* RepositorySearchViewUITest.swift in Sources */,
				A2D71D7D2924EA6B00517B55 /* RepositorySearchPage.swift in Sources */,
				BFD94601244DC5EC0012785A /* iOSEngineerCodeCheckUITests.swift in Sources */,
				A2D71D812924FDFE00517B55 /* RepositoryDetailPage.swift in Sources */,
				A2D71D832925018700517B55 /* RepositoryDetailViewUITest.swift in Sources */,
				A2D71D7B2924E9F200517B55 /* PageObject.swift in Sources */,
				A2D71D852925127D00517B55 /* WebPage.swift in Sources */,
			);
			runOnlyForDeploymentPostprocessing = 0;
		};
/* End PBXSourcesBuildPhase section */

/* Begin PBXTargetDependency section */
		BFD945F3244DC5EB0012785A /* PBXTargetDependency */ = {
			isa = PBXTargetDependency;
			target = BFD945DA244DC5E80012785A /* iOSEngineerCodeCheck */;
			targetProxy = BFD945F2244DC5EB0012785A /* PBXContainerItemProxy */;
		};
		BFD945FE244DC5EB0012785A /* PBXTargetDependency */ = {
			isa = PBXTargetDependency;
			target = BFD945DA244DC5E80012785A /* iOSEngineerCodeCheck */;
			targetProxy = BFD945FD244DC5EB0012785A /* PBXContainerItemProxy */;
		};
/* End PBXTargetDependency section */

/* Begin PBXVariantGroup section */
		BFD945E9244DC5EB0012785A /* LaunchScreen.storyboard */ = {
			isa = PBXVariantGroup;
			children = (
				BFD945EA244DC5EB0012785A /* Base */,
				A250503A29243ADB001533DF /* ja */,
			);
			name = LaunchScreen.storyboard;
			sourceTree = "<group>";
		};
/* End PBXVariantGroup section */

/* Begin XCBuildConfiguration section */
		BFD94603244DC5EC0012785A /* Debug */ = {
			isa = XCBuildConfiguration;
			buildSettings = {
				ALWAYS_SEARCH_USER_PATHS = NO;
				CLANG_ANALYZER_LOCALIZABILITY_NONLOCALIZED = YES;
				CLANG_ANALYZER_NONNULL = YES;
				CLANG_ANALYZER_NUMBER_OBJECT_CONVERSION = YES_AGGRESSIVE;
				CLANG_CXX_LANGUAGE_STANDARD = "gnu++14";
				CLANG_CXX_LIBRARY = "libc++";
				CLANG_ENABLE_MODULES = YES;
				CLANG_ENABLE_OBJC_ARC = YES;
				CLANG_ENABLE_OBJC_WEAK = YES;
				CLANG_WARN_BLOCK_CAPTURE_AUTORELEASING = YES;
				CLANG_WARN_BOOL_CONVERSION = YES;
				CLANG_WARN_COMMA = YES;
				CLANG_WARN_CONSTANT_CONVERSION = YES;
				CLANG_WARN_DEPRECATED_OBJC_IMPLEMENTATIONS = YES;
				CLANG_WARN_DIRECT_OBJC_ISA_USAGE = YES_ERROR;
				CLANG_WARN_DOCUMENTATION_COMMENTS = YES;
				CLANG_WARN_EMPTY_BODY = YES;
				CLANG_WARN_ENUM_CONVERSION = YES;
				CLANG_WARN_INFINITE_RECURSION = YES;
				CLANG_WARN_INT_CONVERSION = YES;
				CLANG_WARN_NON_LITERAL_NULL_CONVERSION = YES;
				CLANG_WARN_OBJC_IMPLICIT_RETAIN_SELF = YES;
				CLANG_WARN_OBJC_LITERAL_CONVERSION = YES;
				CLANG_WARN_OBJC_ROOT_CLASS = YES_ERROR;
				CLANG_WARN_QUOTED_INCLUDE_IN_FRAMEWORK_HEADER = YES;
				CLANG_WARN_RANGE_LOOP_ANALYSIS = YES;
				CLANG_WARN_STRICT_PROTOTYPES = YES;
				CLANG_WARN_SUSPICIOUS_MOVE = YES;
				CLANG_WARN_UNGUARDED_AVAILABILITY = YES_AGGRESSIVE;
				CLANG_WARN_UNREACHABLE_CODE = YES;
				CLANG_WARN__DUPLICATE_METHOD_MATCH = YES;
				COPY_PHASE_STRIP = NO;
				DEBUG_INFORMATION_FORMAT = dwarf;
				ENABLE_STRICT_OBJC_MSGSEND = YES;
				ENABLE_TESTABILITY = YES;
				GCC_C_LANGUAGE_STANDARD = gnu11;
				GCC_DYNAMIC_NO_PIC = NO;
				GCC_NO_COMMON_BLOCKS = YES;
				GCC_OPTIMIZATION_LEVEL = 0;
				GCC_PREPROCESSOR_DEFINITIONS = (
					"DEBUG=1",
					"$(inherited)",
				);
				GCC_WARN_64_TO_32_BIT_CONVERSION = YES;
				GCC_WARN_ABOUT_RETURN_TYPE = YES_ERROR;
				GCC_WARN_UNDECLARED_SELECTOR = YES;
				GCC_WARN_UNINITIALIZED_AUTOS = YES_AGGRESSIVE;
				GCC_WARN_UNUSED_FUNCTION = YES;
				GCC_WARN_UNUSED_VARIABLE = YES;
				IPHONEOS_DEPLOYMENT_TARGET = 15.0;
				MTL_ENABLE_DEBUG_INFO = INCLUDE_SOURCE;
				MTL_FAST_MATH = YES;
				ONLY_ACTIVE_ARCH = YES;
				SDKROOT = iphoneos;
				SWIFT_ACTIVE_COMPILATION_CONDITIONS = DEBUG;
				SWIFT_OPTIMIZATION_LEVEL = "-Onone";
			};
			name = Debug;
		};
		BFD94604244DC5EC0012785A /* Release */ = {
			isa = XCBuildConfiguration;
			buildSettings = {
				ALWAYS_SEARCH_USER_PATHS = NO;
				CLANG_ANALYZER_LOCALIZABILITY_NONLOCALIZED = YES;
				CLANG_ANALYZER_NONNULL = YES;
				CLANG_ANALYZER_NUMBER_OBJECT_CONVERSION = YES_AGGRESSIVE;
				CLANG_CXX_LANGUAGE_STANDARD = "gnu++14";
				CLANG_CXX_LIBRARY = "libc++";
				CLANG_ENABLE_MODULES = YES;
				CLANG_ENABLE_OBJC_ARC = YES;
				CLANG_ENABLE_OBJC_WEAK = YES;
				CLANG_WARN_BLOCK_CAPTURE_AUTORELEASING = YES;
				CLANG_WARN_BOOL_CONVERSION = YES;
				CLANG_WARN_COMMA = YES;
				CLANG_WARN_CONSTANT_CONVERSION = YES;
				CLANG_WARN_DEPRECATED_OBJC_IMPLEMENTATIONS = YES;
				CLANG_WARN_DIRECT_OBJC_ISA_USAGE = YES_ERROR;
				CLANG_WARN_DOCUMENTATION_COMMENTS = YES;
				CLANG_WARN_EMPTY_BODY = YES;
				CLANG_WARN_ENUM_CONVERSION = YES;
				CLANG_WARN_INFINITE_RECURSION = YES;
				CLANG_WARN_INT_CONVERSION = YES;
				CLANG_WARN_NON_LITERAL_NULL_CONVERSION = YES;
				CLANG_WARN_OBJC_IMPLICIT_RETAIN_SELF = YES;
				CLANG_WARN_OBJC_LITERAL_CONVERSION = YES;
				CLANG_WARN_OBJC_ROOT_CLASS = YES_ERROR;
				CLANG_WARN_QUOTED_INCLUDE_IN_FRAMEWORK_HEADER = YES;
				CLANG_WARN_RANGE_LOOP_ANALYSIS = YES;
				CLANG_WARN_STRICT_PROTOTYPES = YES;
				CLANG_WARN_SUSPICIOUS_MOVE = YES;
				CLANG_WARN_UNGUARDED_AVAILABILITY = YES_AGGRESSIVE;
				CLANG_WARN_UNREACHABLE_CODE = YES;
				CLANG_WARN__DUPLICATE_METHOD_MATCH = YES;
				COPY_PHASE_STRIP = NO;
				DEBUG_INFORMATION_FORMAT = "dwarf-with-dsym";
				ENABLE_NS_ASSERTIONS = NO;
				ENABLE_STRICT_OBJC_MSGSEND = YES;
				GCC_C_LANGUAGE_STANDARD = gnu11;
				GCC_NO_COMMON_BLOCKS = YES;
				GCC_WARN_64_TO_32_BIT_CONVERSION = YES;
				GCC_WARN_ABOUT_RETURN_TYPE = YES_ERROR;
				GCC_WARN_UNDECLARED_SELECTOR = YES;
				GCC_WARN_UNINITIALIZED_AUTOS = YES_AGGRESSIVE;
				GCC_WARN_UNUSED_FUNCTION = YES;
				GCC_WARN_UNUSED_VARIABLE = YES;
				IPHONEOS_DEPLOYMENT_TARGET = 15.0;
				MTL_ENABLE_DEBUG_INFO = NO;
				MTL_FAST_MATH = YES;
				SDKROOT = iphoneos;
				SWIFT_COMPILATION_MODE = wholemodule;
				SWIFT_OPTIMIZATION_LEVEL = "-O";
				VALIDATE_PRODUCT = YES;
			};
			name = Release;
		};
		BFD94606244DC5EC0012785A /* Debug */ = {
			isa = XCBuildConfiguration;
			buildSettings = {
				ASSETCATALOG_COMPILER_APPICON_NAME = AppIcon;
				CODE_SIGN_STYLE = Automatic;
				DEVELOPMENT_TEAM = "";
				INFOPLIST_FILE = iOSEngineerCodeCheck/Info.plist;
				LD_RUNPATH_SEARCH_PATHS = (
					"$(inherited)",
					"@executable_path/Frameworks",
				);
				PRODUCT_BUNDLE_IDENTIFIER = jp.yumemi.iOSEngineerCodeCheck;
				PRODUCT_NAME = "$(TARGET_NAME)";
				SWIFT_VERSION = 5.0;
				TARGETED_DEVICE_FAMILY = "1,2";
			};
			name = Debug;
		};
		BFD94607244DC5EC0012785A /* Release */ = {
			isa = XCBuildConfiguration;
			buildSettings = {
				ASSETCATALOG_COMPILER_APPICON_NAME = AppIcon;
				CODE_SIGN_STYLE = Automatic;
				DEVELOPMENT_TEAM = "";
				INFOPLIST_FILE = iOSEngineerCodeCheck/Info.plist;
				LD_RUNPATH_SEARCH_PATHS = (
					"$(inherited)",
					"@executable_path/Frameworks",
				);
				PRODUCT_BUNDLE_IDENTIFIER = jp.yumemi.iOSEngineerCodeCheck;
				PRODUCT_NAME = "$(TARGET_NAME)";
				SWIFT_VERSION = 5.0;
				TARGETED_DEVICE_FAMILY = "1,2";
			};
			name = Release;
		};
		BFD94609244DC5EC0012785A /* Debug */ = {
			isa = XCBuildConfiguration;
			buildSettings = {
				ALWAYS_EMBED_SWIFT_STANDARD_LIBRARIES = YES;
				BUNDLE_LOADER = "$(TEST_HOST)";
				CODE_SIGN_STYLE = Automatic;
				DEVELOPMENT_TEAM = S7G9J68NLX;
				INFOPLIST_FILE = iOSEngineerCodeCheckTests/Info.plist;
				LD_RUNPATH_SEARCH_PATHS = (
					"$(inherited)",
					"@executable_path/Frameworks",
					"@loader_path/Frameworks",
				);
				PRODUCT_BUNDLE_IDENTIFIER = jp.yumemi.iOSEngineerCodeCheckTests;
				PRODUCT_NAME = "$(TARGET_NAME)";
				SWIFT_VERSION = 5.0;
				TARGETED_DEVICE_FAMILY = "1,2";
				TEST_HOST = "$(BUILT_PRODUCTS_DIR)/iOSEngineerCodeCheck.app/iOSEngineerCodeCheck";
			};
			name = Debug;
		};
		BFD9460A244DC5EC0012785A /* Release */ = {
			isa = XCBuildConfiguration;
			buildSettings = {
				ALWAYS_EMBED_SWIFT_STANDARD_LIBRARIES = YES;
				BUNDLE_LOADER = "$(TEST_HOST)";
				CODE_SIGN_STYLE = Automatic;
				DEVELOPMENT_TEAM = S7G9J68NLX;
				INFOPLIST_FILE = iOSEngineerCodeCheckTests/Info.plist;
				LD_RUNPATH_SEARCH_PATHS = (
					"$(inherited)",
					"@executable_path/Frameworks",
					"@loader_path/Frameworks",
				);
				PRODUCT_BUNDLE_IDENTIFIER = jp.yumemi.iOSEngineerCodeCheckTests;
				PRODUCT_NAME = "$(TARGET_NAME)";
				SWIFT_VERSION = 5.0;
				TARGETED_DEVICE_FAMILY = "1,2";
				TEST_HOST = "$(BUILT_PRODUCTS_DIR)/iOSEngineerCodeCheck.app/iOSEngineerCodeCheck";
			};
			name = Release;
		};
		BFD9460C244DC5EC0012785A /* Debug */ = {
			isa = XCBuildConfiguration;
			buildSettings = {
				ALWAYS_EMBED_SWIFT_STANDARD_LIBRARIES = YES;
				CODE_SIGN_STYLE = Automatic;
				DEVELOPMENT_TEAM = S7G9J68NLX;
				INFOPLIST_FILE = iOSEngineerCodeCheckUITests/Info.plist;
				LD_RUNPATH_SEARCH_PATHS = (
					"$(inherited)",
					"@executable_path/Frameworks",
					"@loader_path/Frameworks",
				);
				PRODUCT_BUNDLE_IDENTIFIER = jp.yumemi.iOSEngineerCodeCheckUITests;
				PRODUCT_NAME = "$(TARGET_NAME)";
				SWIFT_VERSION = 5.0;
				TARGETED_DEVICE_FAMILY = "1,2";
				TEST_TARGET_NAME = iOSEngineerCodeCheck;
			};
			name = Debug;
		};
		BFD9460D244DC5EC0012785A /* Release */ = {
			isa = XCBuildConfiguration;
			buildSettings = {
				ALWAYS_EMBED_SWIFT_STANDARD_LIBRARIES = YES;
				CODE_SIGN_STYLE = Automatic;
				DEVELOPMENT_TEAM = S7G9J68NLX;
				INFOPLIST_FILE = iOSEngineerCodeCheckUITests/Info.plist;
				LD_RUNPATH_SEARCH_PATHS = (
					"$(inherited)",
					"@executable_path/Frameworks",
					"@loader_path/Frameworks",
				);
				PRODUCT_BUNDLE_IDENTIFIER = jp.yumemi.iOSEngineerCodeCheckUITests;
				PRODUCT_NAME = "$(TARGET_NAME)";
				SWIFT_VERSION = 5.0;
				TARGETED_DEVICE_FAMILY = "1,2";
				TEST_TARGET_NAME = iOSEngineerCodeCheck;
			};
			name = Release;
		};
/* End XCBuildConfiguration section */

/* Begin XCConfigurationList section */
		BFD945D6244DC5E80012785A /* Build configuration list for PBXProject "iOSEngineerCodeCheck" */ = {
			isa = XCConfigurationList;
			buildConfigurations = (
				BFD94603244DC5EC0012785A /* Debug */,
				BFD94604244DC5EC0012785A /* Release */,
			);
			defaultConfigurationIsVisible = 0;
			defaultConfigurationName = Release;
		};
		BFD94605244DC5EC0012785A /* Build configuration list for PBXNativeTarget "iOSEngineerCodeCheck" */ = {
			isa = XCConfigurationList;
			buildConfigurations = (
				BFD94606244DC5EC0012785A /* Debug */,
				BFD94607244DC5EC0012785A /* Release */,
			);
			defaultConfigurationIsVisible = 0;
			defaultConfigurationName = Release;
		};
		BFD94608244DC5EC0012785A /* Build configuration list for PBXNativeTarget "iOSEngineerCodeCheckTests" */ = {
			isa = XCConfigurationList;
			buildConfigurations = (
				BFD94609244DC5EC0012785A /* Debug */,
				BFD9460A244DC5EC0012785A /* Release */,
			);
			defaultConfigurationIsVisible = 0;
			defaultConfigurationName = Release;
		};
		BFD9460B244DC5EC0012785A /* Build configuration list for PBXNativeTarget "iOSEngineerCodeCheckUITests" */ = {
			isa = XCConfigurationList;
			buildConfigurations = (
				BFD9460C244DC5EC0012785A /* Debug */,
				BFD9460D244DC5EC0012785A /* Release */,
			);
			defaultConfigurationIsVisible = 0;
			defaultConfigurationName = Release;
		};
/* End XCConfigurationList section */

/* Begin XCRemoteSwiftPackageReference section */
		A2504FFF2923634E001533DF /* XCRemoteSwiftPackageReference "Moya" */ = {
			isa = XCRemoteSwiftPackageReference;
			repositoryURL = "https://github.com/Moya/Moya.git";
			requirement = {
				branch = master;
				kind = branch;
			};
		};
		A250500A29236E98001533DF /* XCRemoteSwiftPackageReference "Kingfisher" */ = {
			isa = XCRemoteSwiftPackageReference;
			repositoryURL = "https://github.com/onevcat/Kingfisher.git";
			requirement = {
				branch = master;
				kind = branch;
			};
		};
		A250500F29238A9B001533DF /* XCRemoteSwiftPackageReference "RxSwift" */ = {
			isa = XCRemoteSwiftPackageReference;
			repositoryURL = "https://github.com/ReactiveX/RxSwift.git";
			requirement = {
				branch = main;
				kind = branch;
			};
		};
		A250502E2923AE21001533DF /* XCRemoteSwiftPackageReference "PKHUD" */ = {
			isa = XCRemoteSwiftPackageReference;
			repositoryURL = "https://github.com/pkluz/PKHUD.git";
			requirement = {
				kind = upToNextMajorVersion;
				minimumVersion = 5.0.0;
			};
		};
		A25050332923B13E001533DF /* XCRemoteSwiftPackageReference "lottie-ios" */ = {
			isa = XCRemoteSwiftPackageReference;
			repositoryURL = "https://github.com/airbnb/lottie-ios.git";
			requirement = {
				branch = master;
				kind = branch;
			};
		};
/* End XCRemoteSwiftPackageReference section */

/* Begin XCSwiftPackageProductDependency section */
		A2475813292592A5000F6E22 /* RxBlocking */ = {
			isa = XCSwiftPackageProductDependency;
			package = A250500F29238A9B001533DF /* XCRemoteSwiftPackageReference "RxSwift" */;
			productName = RxBlocking;
		};
		A2475815292592A5000F6E22 /* RxTest */ = {
			isa = XCSwiftPackageProductDependency;
			package = A250500F29238A9B001533DF /* XCRemoteSwiftPackageReference "RxSwift" */;
			productName = RxTest;
		};
		A25050002923634E001533DF /* Moya */ = {
			isa = XCSwiftPackageProductDependency;
			package = A2504FFF2923634E001533DF /* XCRemoteSwiftPackageReference "Moya" */;
			productName = Moya;
		};
		A25050022923634E001533DF /* RxMoya */ = {
			isa = XCSwiftPackageProductDependency;
			package = A2504FFF2923634E001533DF /* XCRemoteSwiftPackageReference "Moya" */;
			productName = RxMoya;
		};
		A250500B29236E98001533DF /* Kingfisher */ = {
			isa = XCSwiftPackageProductDependency;
			package = A250500A29236E98001533DF /* XCRemoteSwiftPackageReference "Kingfisher" */;
			productName = Kingfisher;
		};
		A250501029238A9B001533DF /* RxCocoa */ = {
			isa = XCSwiftPackageProductDependency;
			package = A250500F29238A9B001533DF /* XCRemoteSwiftPackageReference "RxSwift" */;
			productName = RxCocoa;
		};
		A250501229238A9B001533DF /* RxRelay */ = {
			isa = XCSwiftPackageProductDependency;
			package = A250500F29238A9B001533DF /* XCRemoteSwiftPackageReference "RxSwift" */;
			productName = RxRelay;
		};
		A250501429238A9B001533DF /* RxSwift */ = {
			isa = XCSwiftPackageProductDependency;
			package = A250500F29238A9B001533DF /* XCRemoteSwiftPackageReference "RxSwift" */;
			productName = RxSwift;
		};
		A250502F2923AE21001533DF /* PKHUD */ = {
			isa = XCSwiftPackageProductDependency;
			package = A250502E2923AE21001533DF /* XCRemoteSwiftPackageReference "PKHUD" */;
			productName = PKHUD;
		};
		A25050342923B13E001533DF /* Lottie */ = {
			isa = XCSwiftPackageProductDependency;
			package = A25050332923B13E001533DF /* XCRemoteSwiftPackageReference "lottie-ios" */;
			productName = Lottie;
		};
/* End XCSwiftPackageProductDependency section */
	};
	rootObject = BFD945D3244DC5E80012785A /* Project object */;
}
