// !$*UTF8*$!
{
	archiveVersion = 1;
	classes = {
	};
	objectVersion = 52;
	objects = {

/* Begin PBXBuildFile section */
		A2504FFC29236188001533DF /* GitHubRepository.swift in Sources */ = {isa = PBXBuildFile; fileRef = A2504FFB29236188001533DF /* GitHubRepository.swift */; };
		A2504FFE292362C1001533DF /* SearchResponse.swift in Sources */ = {isa = PBXBuildFile; fileRef = A2504FFD292362C0001533DF /* SearchResponse.swift */; };
		A25050012923634E001533DF /* Moya in Frameworks */ = {isa = PBXBuildFile; productRef = A25050002923634E001533DF /* Moya */; };
		A25050032923634E001533DF /* RxMoya in Frameworks */ = {isa = PBXBuildFile; productRef = A25050022923634E001533DF /* RxMoya */; };
		A250500529236376001533DF /* GitHubAPITarget.swift in Sources */ = {isa = PBXBuildFile; fileRef = A250500429236376001533DF /* GitHubAPITarget.swift */; };
		A2505007292367EC001533DF /* APIClientError.swift in Sources */ = {isa = PBXBuildFile; fileRef = A2505006292367EC001533DF /* APIClientError.swift */; };
		A25050092923690E001533DF /* GitHubAPI.swift in Sources */ = {isa = PBXBuildFile; fileRef = A25050082923690E001533DF /* GitHubAPI.swift */; };
		A250500C29236E98001533DF /* Kingfisher in Frameworks */ = {isa = PBXBuildFile; productRef = A250500B29236E98001533DF /* Kingfisher */; };
		A250501129238A9B001533DF /* RxCocoa in Frameworks */ = {isa = PBXBuildFile; productRef = A250501029238A9B001533DF /* RxCocoa */; };
		A250501329238A9B001533DF /* RxRelay in Frameworks */ = {isa = PBXBuildFile; productRef = A250501229238A9B001533DF /* RxRelay */; };
		A250501529238A9B001533DF /* RxSwift in Frameworks */ = {isa = PBXBuildFile; productRef = A250501429238A9B001533DF /* RxSwift */; };
		A250501729238ACB001533DF /* RepositorySearchViewModel.swift in Sources */ = {isa = PBXBuildFile; fileRef = A250501629238ACB001533DF /* RepositorySearchViewModel.swift */; };
		A250501929238B22001533DF /* ViewModelType.swift in Sources */ = {isa = PBXBuildFile; fileRef = A250501829238B22001533DF /* ViewModelType.swift */; };
		A250501E2923940F001533DF /* StoryboardInstantiable.swift in Sources */ = {isa = PBXBuildFile; fileRef = A250501D2923940F001533DF /* StoryboardInstantiable.swift */; };
		A2505020292394A9001533DF /* RepositorySearchView.storyboard in Resources */ = {isa = PBXBuildFile; fileRef = A250501F292394A9001533DF /* RepositorySearchView.storyboard */; };
		A2505022292394E6001533DF /* RepositoryDetailView.storyboard in Resources */ = {isa = PBXBuildFile; fileRef = A2505021292394E6001533DF /* RepositoryDetailView.storyboard */; };
		BF0A658D244F2A3B00280FA6 /* RepositoryDetailViewController.swift in Sources */ = {isa = PBXBuildFile; fileRef = BF0A658C244F2A3B00280FA6 /* RepositoryDetailViewController.swift */; };
		BFD945DF244DC5E80012785A /* AppDelegate.swift in Sources */ = {isa = PBXBuildFile; fileRef = BFD945DE244DC5E80012785A /* AppDelegate.swift */; };
		BFD945E1244DC5E80012785A /* SceneDelegate.swift in Sources */ = {isa = PBXBuildFile; fileRef = BFD945E0244DC5E80012785A /* SceneDelegate.swift */; };
		BFD945E3244DC5E80012785A /* RepositorySearchViewController.swift in Sources */ = {isa = PBXBuildFile; fileRef = BFD945E2244DC5E80012785A /* RepositorySearchViewController.swift */; };
		BFD945E8244DC5EB0012785A /* Assets.xcassets in Resources */ = {isa = PBXBuildFile; fileRef = BFD945E7244DC5EB0012785A /* Assets.xcassets */; };
		BFD945EB244DC5EB0012785A /* LaunchScreen.storyboard in Resources */ = {isa = PBXBuildFile; fileRef = BFD945E9244DC5EB0012785A /* LaunchScreen.storyboard */; };
		BFD945F6244DC5EB0012785A /* iOSEngineerCodeCheckTests.swift in Sources */ = {isa = PBXBuildFile; fileRef = BFD945F5244DC5EB0012785A /* iOSEngineerCodeCheckTests.swift */; };
		BFD94601244DC5EC0012785A /* iOSEngineerCodeCheckUITests.swift in Sources */ = {isa = PBXBuildFile; fileRef = BFD94600244DC5EC0012785A /* iOSEngineerCodeCheckUITests.swift */; };
/* End PBXBuildFile section */

/* Begin PBXContainerItemProxy section */
		BFD945F2244DC5EB0012785A /* PBXContainerItemProxy */ = {
			isa = PBXContainerItemProxy;
			containerPortal = BFD945D3244DC5E80012785A /* Project object */;
			proxyType = 1;
			remoteGlobalIDString = BFD945DA244DC5E80012785A;
			remoteInfo = iOSEngineerCodeCheck;
		};
		BFD945FD244DC5EB0012785A /* PBXContainerItemProxy */ = {
			isa = PBXContainerItemProxy;
			containerPortal = BFD945D3244DC5E80012785A /* Project object */;
			proxyType = 1;
			remoteGlobalIDString = BFD945DA244DC5E80012785A;
			remoteInfo = iOSEngineerCodeCheck;
		};
/* End PBXContainerItemProxy section */

/* Begin PBXFileReference section */
		A2504FFB29236188001533DF /* GitHubRepository.swift */ = {isa = PBXFileReference; lastKnownFileType = sourcecode.swift; path = GitHubRepository.swift; sourceTree = "<group>"; };
		A2504FFD292362C0001533DF /* SearchResponse.swift */ = {isa = PBXFileReference; lastKnownFileType = sourcecode.swift; path = SearchResponse.swift; sourceTree = "<group>"; };
		A250500429236376001533DF /* GitHubAPITarget.swift */ = {isa = PBXFileReference; lastKnownFileType = sourcecode.swift; path = GitHubAPITarget.swift; sourceTree = "<group>"; };
		A2505006292367EC001533DF /* APIClientError.swift */ = {isa = PBXFileReference; lastKnownFileType = sourcecode.swift; path = APIClientError.swift; sourceTree = "<group>"; };
		A25050082923690E001533DF /* GitHubAPI.swift */ = {isa = PBXFileReference; lastKnownFileType = sourcecode.swift; path = GitHubAPI.swift; sourceTree = "<group>"; };
		A250501629238ACB001533DF /* RepositorySearchViewModel.swift */ = {isa = PBXFileReference; lastKnownFileType = sourcecode.swift; path = RepositorySearchViewModel.swift; sourceTree = "<group>"; };
		A250501829238B22001533DF /* ViewModelType.swift */ = {isa = PBXFileReference; lastKnownFileType = sourcecode.swift; path = ViewModelType.swift; sourceTree = "<group>"; };
		A250501D2923940F001533DF /* StoryboardInstantiable.swift */ = {isa = PBXFileReference; lastKnownFileType = sourcecode.swift; path = StoryboardInstantiable.swift; sourceTree = "<group>"; };
		A250501F292394A9001533DF /* RepositorySearchView.storyboard */ = {isa = PBXFileReference; lastKnownFileType = file.storyboard; path = RepositorySearchView.storyboard; sourceTree = "<group>"; };
		A2505021292394E6001533DF /* RepositoryDetailView.storyboard */ = {isa = PBXFileReference; lastKnownFileType = file.storyboard; path = RepositoryDetailView.storyboard; sourceTree = "<group>"; };
		BF0A658C244F2A3B00280FA6 /* RepositoryDetailViewController.swift */ = {isa = PBXFileReference; lastKnownFileType = sourcecode.swift; path = RepositoryDetailViewController.swift; sourceTree = "<group>"; };
		BFD945DB244DC5E80012785A /* iOSEngineerCodeCheck.app */ = {isa = PBXFileReference; explicitFileType = wrapper.application; includeInIndex = 0; path = iOSEngineerCodeCheck.app; sourceTree = BUILT_PRODUCTS_DIR; };
		BFD945DE244DC5E80012785A /* AppDelegate.swift */ = {isa = PBXFileReference; lastKnownFileType = sourcecode.swift; path = AppDelegate.swift; sourceTree = "<group>"; };
		BFD945E0244DC5E80012785A /* SceneDelegate.swift */ = {isa = PBXFileReference; lastKnownFileType = sourcecode.swift; path = SceneDelegate.swift; sourceTree = "<group>"; };
		BFD945E2244DC5E80012785A /* RepositorySearchViewController.swift */ = {isa = PBXFileReference; lastKnownFileType = sourcecode.swift; path = RepositorySearchViewController.swift; sourceTree = "<group>"; };
		BFD945E7244DC5EB0012785A /* Assets.xcassets */ = {isa = PBXFileReference; lastKnownFileType = folder.assetcatalog; path = Assets.xcassets; sourceTree = "<group>"; };
		BFD945EA244DC5EB0012785A /* Base */ = {isa = PBXFileReference; lastKnownFileType = file.storyboard; name = Base; path = Base.lproj/LaunchScreen.storyboard; sourceTree = "<group>"; };
		BFD945EC244DC5EB0012785A /* Info.plist */ = {isa = PBXFileReference; lastKnownFileType = text.plist.xml; path = Info.plist; sourceTree = "<group>"; };
		BFD945F1244DC5EB0012785A /* iOSEngineerCodeCheckTests.xctest */ = {isa = PBXFileReference; explicitFileType = wrapper.cfbundle; includeInIndex = 0; path = iOSEngineerCodeCheckTests.xctest; sourceTree = BUILT_PRODUCTS_DIR; };
		BFD945F5244DC5EB0012785A /* iOSEngineerCodeCheckTests.swift */ = {isa = PBXFileReference; lastKnownFileType = sourcecode.swift; path = iOSEngineerCodeCheckTests.swift; sourceTree = "<group>"; };
		BFD945F7244DC5EB0012785A /* Info.plist */ = {isa = PBXFileReference; lastKnownFileType = text.plist.xml; path = Info.plist; sourceTree = "<group>"; };
		BFD945FC244DC5EB0012785A /* iOSEngineerCodeCheckUITests.xctest */ = {isa = PBXFileReference; explicitFileType = wrapper.cfbundle; includeInIndex = 0; path = iOSEngineerCodeCheckUITests.xctest; sourceTree = BUILT_PRODUCTS_DIR; };
		BFD94600244DC5EC0012785A /* iOSEngineerCodeCheckUITests.swift */ = {isa = PBXFileReference; lastKnownFileType = sourcecode.swift; path = iOSEngineerCodeCheckUITests.swift; sourceTree = "<group>"; };
		BFD94602244DC5EC0012785A /* Info.plist */ = {isa = PBXFileReference; lastKnownFileType = text.plist.xml; path = Info.plist; sourceTree = "<group>"; };
/* End PBXFileReference section */

/* Begin PBXFrameworksBuildPhase section */
		BFD945D8244DC5E80012785A /* Frameworks */ = {
			isa = PBXFrameworksBuildPhase;
			buildActionMask = 2147483647;
			files = (
				A250501529238A9B001533DF /* RxSwift in Frameworks */,
				A250501329238A9B001533DF /* RxRelay in Frameworks */,
				A250500C29236E98001533DF /* Kingfisher in Frameworks */,
				A25050032923634E001533DF /* RxMoya in Frameworks */,
				A250501129238A9B001533DF /* RxCocoa in Frameworks */,
				A25050012923634E001533DF /* Moya in Frameworks */,
			);
			runOnlyForDeploymentPostprocessing = 0;
		};
		BFD945EE244DC5EB0012785A /* Frameworks */ = {
			isa = PBXFrameworksBuildPhase;
			buildActionMask = 2147483647;
			files = (
			);
			runOnlyForDeploymentPostprocessing = 0;
		};
		BFD945F9244DC5EB0012785A /* Frameworks */ = {
			isa = PBXFrameworksBuildPhase;
			buildActionMask = 2147483647;
			files = (
			);
			runOnlyForDeploymentPostprocessing = 0;
		};
/* End PBXFrameworksBuildPhase section */

/* Begin PBXGroup section */
		A2504FFA29236160001533DF /* Model */ = {
			isa = PBXGroup;
			children = (
				A250500429236376001533DF /* GitHubAPITarget.swift */,
				A25050082923690E001533DF /* GitHubAPI.swift */,
				A250500E29237067001533DF /* Error */,
				A250500D29237045001533DF /* Response */,
			);
			path = Model;
			sourceTree = "<group>";
		};
		A250500D29237045001533DF /* Response */ = {
			isa = PBXGroup;
			children = (
				A2504FFD292362C0001533DF /* SearchResponse.swift */,
				A2504FFB29236188001533DF /* GitHubRepository.swift */,
			);
			path = Response;
			sourceTree = "<group>";
		};
		A250500E29237067001533DF /* Error */ = {
			isa = PBXGroup;
			children = (
				A2505006292367EC001533DF /* APIClientError.swift */,
			);
			path = Error;
			sourceTree = "<group>";
		};
		A250501A2923938A001533DF /* UI */ = {
			isa = PBXGroup;
			children = (
				A250501829238B22001533DF /* ViewModelType.swift */,
				A250501D2923940F001533DF /* StoryboardInstantiable.swift */,
				A250501B292393B9001533DF /* RepositorySearchView */,
				A250501C292393D6001533DF /* RepositoryDetailView */,
			);
			path = UI;
			sourceTree = "<group>";
		};
		A250501B292393B9001533DF /* RepositorySearchView */ = {
			isa = PBXGroup;
			children = (
				BFD945E2244DC5E80012785A /* RepositorySearchViewController.swift */,
				A250501629238ACB001533DF /* RepositorySearchViewModel.swift */,
				A250501F292394A9001533DF /* RepositorySearchView.storyboard */,
			);
			path = RepositorySearchView;
			sourceTree = "<group>";
		};
		A250501C292393D6001533DF /* RepositoryDetailView */ = {
			isa = PBXGroup;
			children = (
				BF0A658C244F2A3B00280FA6 /* RepositoryDetailViewController.swift */,
				A2505021292394E6001533DF /* RepositoryDetailView.storyboard */,
			);
			path = RepositoryDetailView;
			sourceTree = "<group>";
		};
		BFD945D2244DC5E80012785A = {
			isa = PBXGroup;
			children = (
				BFD945DD244DC5E80012785A /* iOSEngineerCodeCheck */,
				BFD945F4244DC5EB0012785A /* iOSEngineerCodeCheckTests */,
				BFD945FF244DC5EB0012785A /* iOSEngineerCodeCheckUITests */,
				BFD945DC244DC5E80012785A /* Products */,
			);
			sourceTree = "<group>";
		};
		BFD945DC244DC5E80012785A /* Products */ = {
			isa = PBXGroup;
			children = (
				BFD945DB244DC5E80012785A /* iOSEngineerCodeCheck.app */,
				BFD945F1244DC5EB0012785A /* iOSEngineerCodeCheckTests.xctest */,
				BFD945FC244DC5EB0012785A /* iOSEngineerCodeCheckUITests.xctest */,
			);
			name = Products;
			sourceTree = "<group>";
		};
		BFD945DD244DC5E80012785A /* iOSEngineerCodeCheck */ = {
			isa = PBXGroup;
			children = (
				A2504FFA29236160001533DF /* Model */,
				BFD945DE244DC5E80012785A /* AppDelegate.swift */,
				BFD945E0244DC5E80012785A /* SceneDelegate.swift */,
				A250501A2923938A001533DF /* UI */,
				BFD945E7244DC5EB0012785A /* Assets.xcassets */,
				BFD945E9244DC5EB0012785A /* LaunchScreen.storyboard */,
				BFD945EC244DC5EB0012785A /* Info.plist */,
			);
			path = iOSEngineerCodeCheck;
			sourceTree = "<group>";
		};
		BFD945F4244DC5EB0012785A /* iOSEngineerCodeCheckTests */ = {
			isa = PBXGroup;
			children = (
				BFD945F5244DC5EB0012785A /* iOSEngineerCodeCheckTests.swift */,
				BFD945F7244DC5EB0012785A /* Info.plist */,
			);
			path = iOSEngineerCodeCheckTests;
			sourceTree = "<group>";
		};
		BFD945FF244DC5EB0012785A /* iOSEngineerCodeCheckUITests */ = {
			isa = PBXGroup;
			children = (
				BFD94600244DC5EC0012785A /* iOSEngineerCodeCheckUITests.swift */,
				BFD94602244DC5EC0012785A /* Info.plist */,
			);
			path = iOSEngineerCodeCheckUITests;
			sourceTree = "<group>";
		};
/* End PBXGroup section */

/* Begin PBXNativeTarget section */
		BFD945DA244DC5E80012785A /* iOSEngineerCodeCheck */ = {
			isa = PBXNativeTarget;
			buildConfigurationList = BFD94605244DC5EC0012785A /* Build configuration list for PBXNativeTarget "iOSEngineerCodeCheck" */;
			buildPhases = (
				BFD945D7244DC5E80012785A /* Sources */,
				BFD945D8244DC5E80012785A /* Frameworks */,
				BFD945D9244DC5E80012785A /* Resources */,
			);
			buildRules = (
			);
			dependencies = (
			);
			name = iOSEngineerCodeCheck;
			packageProductDependencies = (
				A25050002923634E001533DF /* Moya */,
				A25050022923634E001533DF /* RxMoya */,
				A250500B29236E98001533DF /* Kingfisher */,
				A250501029238A9B001533DF /* RxCocoa */,
				A250501229238A9B001533DF /* RxRelay */,
				A250501429238A9B001533DF /* RxSwift */,
			);
			productName = iOSEngineerCodeCheck;
			productReference = BFD945DB244DC5E80012785A /* iOSEngineerCodeCheck.app */;
			productType = "com.apple.product-type.application";
		};
		BFD945F0244DC5EB0012785A /* iOSEngineerCodeCheckTests */ = {
			isa = PBXNativeTarget;
			buildConfigurationList = BFD94608244DC5EC0012785A /* Build configuration list for PBXNativeTarget "iOSEngineerCodeCheckTests" */;
			buildPhases = (
				BFD945ED244DC5EB0012785A /* Sources */,
				BFD945EE244DC5EB0012785A /* Frameworks */,
				BFD945EF244DC5EB0012785A /* Resources */,
			);
			buildRules = (
			);
			dependencies = (
				BFD945F3244DC5EB0012785A /* PBXTargetDependency */,
			);
			name = iOSEngineerCodeCheckTests;
			productName = iOSEngineerCodeCheckTests;
			productReference = BFD945F1244DC5EB0012785A /* iOSEngineerCodeCheckTests.xctest */;
			productType = "com.apple.product-type.bundle.unit-test";
		};
		BFD945FB244DC5EB0012785A /* iOSEngineerCodeCheckUITests */ = {
			isa = PBXNativeTarget;
			buildConfigurationList = BFD9460B244DC5EC0012785A /* Build configuration list for PBXNativeTarget "iOSEngineerCodeCheckUITests" */;
			buildPhases = (
				BFD945F8244DC5EB0012785A /* Sources */,
				BFD945F9244DC5EB0012785A /* Frameworks */,
				BFD945FA244DC5EB0012785A /* Resources */,
			);
			buildRules = (
			);
			dependencies = (
				BFD945FE244DC5EB0012785A /* PBXTargetDependency */,
			);
			name = iOSEngineerCodeCheckUITests;
			productName = iOSEngineerCodeCheckUITests;
			productReference = BFD945FC244DC5EB0012785A /* iOSEngineerCodeCheckUITests.xctest */;
			productType = "com.apple.product-type.bundle.ui-testing";
		};
/* End PBXNativeTarget section */

/* Begin PBXProject section */
		BFD945D3244DC5E80012785A /* Project object */ = {
			isa = PBXProject;
			attributes = {
				LastSwiftUpdateCheck = 1300;
				LastUpgradeCheck = 1300;
				ORGANIZATIONNAME = "YUMEMI Inc.";
				TargetAttributes = {
					BFD945DA244DC5E80012785A = {
						CreatedOnToolsVersion = 11.4.1;
					};
					BFD945F0244DC5EB0012785A = {
						CreatedOnToolsVersion = 11.4.1;
						TestTargetID = BFD945DA244DC5E80012785A;
					};
					BFD945FB244DC5EB0012785A = {
						CreatedOnToolsVersion = 11.4.1;
						TestTargetID = BFD945DA244DC5E80012785A;
					};
				};
			};
			buildConfigurationList = BFD945D6244DC5E80012785A /* Build configuration list for PBXProject "iOSEngineerCodeCheck" */;
			compatibilityVersion = "Xcode 9.3";
			developmentRegion = en;
			hasScannedForEncodings = 0;
			knownRegions = (
				en,
				Base,
			);
			mainGroup = BFD945D2244DC5E80012785A;
			packageReferences = (
				A2504FFF2923634E001533DF /* XCRemoteSwiftPackageReference "Moya" */,
				A250500A29236E98001533DF /* XCRemoteSwiftPackageReference "Kingfisher" */,
				A250500F29238A9B001533DF /* XCRemoteSwiftPackageReference "RxSwift" */,
			);
			productRefGroup = BFD945DC244DC5E80012785A /* Products */;
			projectDirPath = "";
			projectRoot = "";
			targets = (
				BFD945DA244DC5E80012785A /* iOSEngineerCodeCheck */,
				BFD945F0244DC5EB0012785A /* iOSEngineerCodeCheckTests */,
				BFD945FB244DC5EB0012785A /* iOSEngineerCodeCheckUITests */,
			);
		};
/* End PBXProject section */

/* Begin PBXResourcesBuildPhase section */
		BFD945D9244DC5E80012785A /* Resources */ = {
			isa = PBXResourcesBuildPhase;
			buildActionMask = 2147483647;
			files = (
				A2505022292394E6001533DF /* RepositoryDetailView.storyboard in Resources */,
				BFD945EB244DC5EB0012785A /* LaunchScreen.storyboard in Resources */,
				BFD945E8244DC5EB0012785A /* Assets.xcassets in Resources */,
				A2505020292394A9001533DF /* RepositorySearchView.storyboard in Resources */,
			);
			runOnlyForDeploymentPostprocessing = 0;
		};
		BFD945EF244DC5EB0012785A /* Resources */ = {
			isa = PBXResourcesBuildPhase;
			buildActionMask = 2147483647;
			files = (
			);
			runOnlyForDeploymentPostprocessing = 0;
		};
		BFD945FA244DC5EB0012785A /* Resources */ = {
			isa = PBXResourcesBuildPhase;
			buildActionMask = 2147483647;
			files = (
			);
			runOnlyForDeploymentPostprocessing = 0;
		};
/* End PBXResourcesBuildPhase section */

/* Begin PBXSourcesBuildPhase section */
		BFD945D7244DC5E80012785A /* Sources */ = {
			isa = PBXSourcesBuildPhase;
			buildActionMask = 2147483647;
			files = (
				A250501929238B22001533DF /* ViewModelType.swift in Sources */,
				BFD945E3244DC5E80012785A /* RepositorySearchViewController.swift in Sources */,
				A25050092923690E001533DF /* GitHubAPI.swift in Sources */,
				A250500529236376001533DF /* GitHubAPITarget.swift in Sources */,
				A2505007292367EC001533DF /* APIClientError.swift in Sources */,
				BF0A658D244F2A3B00280FA6 /* RepositoryDetailViewController.swift in Sources */,
				A2504FFE292362C1001533DF /* SearchResponse.swift in Sources */,
				A250501729238ACB001533DF /* RepositorySearchViewModel.swift in Sources */,
				BFD945DF244DC5E80012785A /* AppDelegate.swift in Sources */,
				A2504FFC29236188001533DF /* GitHubRepository.swift in Sources */,
				A250501E2923940F001533DF /* StoryboardInstantiable.swift in Sources */,
				BFD945E1244DC5E80012785A /* SceneDelegate.swift in Sources */,
			);
			runOnlyForDeploymentPostprocessing = 0;
		};
		BFD945ED244DC5EB0012785A /* Sources */ = {
			isa = PBXSourcesBuildPhase;
			buildActionMask = 2147483647;
			files = (
				BFD945F6244DC5EB0012785A /* iOSEngineerCodeCheckTests.swift in Sources */,
			);
			runOnlyForDeploymentPostprocessing = 0;
		};
		BFD945F8244DC5EB0012785A /* Sources */ = {
			isa = PBXSourcesBuildPhase;
			buildActionMask = 2147483647;
			files = (
				BFD94601244DC5EC0012785A /* iOSEngineerCodeCheckUITests.swift in Sources */,
			);
			runOnlyForDeploymentPostprocessing = 0;
		};
/* End PBXSourcesBuildPhase section */

/* Begin PBXTargetDependency section */
		BFD945F3244DC5EB0012785A /* PBXTargetDependency */ = {
			isa = PBXTargetDependency;
			target = BFD945DA244DC5E80012785A /* iOSEngineerCodeCheck */;
			targetProxy = BFD945F2244DC5EB0012785A /* PBXContainerItemProxy */;
		};
		BFD945FE244DC5EB0012785A /* PBXTargetDependency */ = {
			isa = PBXTargetDependency;
			target = BFD945DA244DC5E80012785A /* iOSEngineerCodeCheck */;
			targetProxy = BFD945FD244DC5EB0012785A /* PBXContainerItemProxy */;
		};
/* End PBXTargetDependency section */

/* Begin PBXVariantGroup section */
		BFD945E9244DC5EB0012785A /* LaunchScreen.storyboard */ = {
			isa = PBXVariantGroup;
			children = (
				BFD945EA244DC5EB0012785A /* Base */,
			);
			name = LaunchScreen.storyboard;
			sourceTree = "<group>";
		};
/* End PBXVariantGroup section */

/* Begin XCBuildConfiguration section */
		BFD94603244DC5EC0012785A /* Debug */ = {
			isa = XCBuildConfiguration;
			buildSettings = {
				ALWAYS_SEARCH_USER_PATHS = NO;
				CLANG_ANALYZER_NONNULL = YES;
				CLANG_ANALYZER_NUMBER_OBJECT_CONVERSION = YES_AGGRESSIVE;
				CLANG_CXX_LANGUAGE_STANDARD = "gnu++14";
				CLANG_CXX_LIBRARY = "libc++";
				CLANG_ENABLE_MODULES = YES;
				CLANG_ENABLE_OBJC_ARC = YES;
				CLANG_ENABLE_OBJC_WEAK = YES;
				CLANG_WARN_BLOCK_CAPTURE_AUTORELEASING = YES;
				CLANG_WARN_BOOL_CONVERSION = YES;
				CLANG_WARN_COMMA = YES;
				CLANG_WARN_CONSTANT_CONVERSION = YES;
				CLANG_WARN_DEPRECATED_OBJC_IMPLEMENTATIONS = YES;
				CLANG_WARN_DIRECT_OBJC_ISA_USAGE = YES_ERROR;
				CLANG_WARN_DOCUMENTATION_COMMENTS = YES;
				CLANG_WARN_EMPTY_BODY = YES;
				CLANG_WARN_ENUM_CONVERSION = YES;
				CLANG_WARN_INFINITE_RECURSION = YES;
				CLANG_WARN_INT_CONVERSION = YES;
				CLANG_WARN_NON_LITERAL_NULL_CONVERSION = YES;
				CLANG_WARN_OBJC_IMPLICIT_RETAIN_SELF = YES;
				CLANG_WARN_OBJC_LITERAL_CONVERSION = YES;
				CLANG_WARN_OBJC_ROOT_CLASS = YES_ERROR;
				CLANG_WARN_QUOTED_INCLUDE_IN_FRAMEWORK_HEADER = YES;
				CLANG_WARN_RANGE_LOOP_ANALYSIS = YES;
				CLANG_WARN_STRICT_PROTOTYPES = YES;
				CLANG_WARN_SUSPICIOUS_MOVE = YES;
				CLANG_WARN_UNGUARDED_AVAILABILITY = YES_AGGRESSIVE;
				CLANG_WARN_UNREACHABLE_CODE = YES;
				CLANG_WARN__DUPLICATE_METHOD_MATCH = YES;
				COPY_PHASE_STRIP = NO;
				DEBUG_INFORMATION_FORMAT = dwarf;
				ENABLE_STRICT_OBJC_MSGSEND = YES;
				ENABLE_TESTABILITY = YES;
				GCC_C_LANGUAGE_STANDARD = gnu11;
				GCC_DYNAMIC_NO_PIC = NO;
				GCC_NO_COMMON_BLOCKS = YES;
				GCC_OPTIMIZATION_LEVEL = 0;
				GCC_PREPROCESSOR_DEFINITIONS = (
					"DEBUG=1",
					"$(inherited)",
				);
				GCC_WARN_64_TO_32_BIT_CONVERSION = YES;
				GCC_WARN_ABOUT_RETURN_TYPE = YES_ERROR;
				GCC_WARN_UNDECLARED_SELECTOR = YES;
				GCC_WARN_UNINITIALIZED_AUTOS = YES_AGGRESSIVE;
				GCC_WARN_UNUSED_FUNCTION = YES;
				GCC_WARN_UNUSED_VARIABLE = YES;
				IPHONEOS_DEPLOYMENT_TARGET = 15.0;
				MTL_ENABLE_DEBUG_INFO = INCLUDE_SOURCE;
				MTL_FAST_MATH = YES;
				ONLY_ACTIVE_ARCH = YES;
				SDKROOT = iphoneos;
				SWIFT_ACTIVE_COMPILATION_CONDITIONS = DEBUG;
				SWIFT_OPTIMIZATION_LEVEL = "-Onone";
			};
			name = Debug;
		};
		BFD94604244DC5EC0012785A /* Release */ = {
			isa = XCBuildConfiguration;
			buildSettings = {
				ALWAYS_SEARCH_USER_PATHS = NO;
				CLANG_ANALYZER_NONNULL = YES;
				CLANG_ANALYZER_NUMBER_OBJECT_CONVERSION = YES_AGGRESSIVE;
				CLANG_CXX_LANGUAGE_STANDARD = "gnu++14";
				CLANG_CXX_LIBRARY = "libc++";
				CLANG_ENABLE_MODULES = YES;
				CLANG_ENABLE_OBJC_ARC = YES;
				CLANG_ENABLE_OBJC_WEAK = YES;
				CLANG_WARN_BLOCK_CAPTURE_AUTORELEASING = YES;
				CLANG_WARN_BOOL_CONVERSION = YES;
				CLANG_WARN_COMMA = YES;
				CLANG_WARN_CONSTANT_CONVERSION = YES;
				CLANG_WARN_DEPRECATED_OBJC_IMPLEMENTATIONS = YES;
				CLANG_WARN_DIRECT_OBJC_ISA_USAGE = YES_ERROR;
				CLANG_WARN_DOCUMENTATION_COMMENTS = YES;
				CLANG_WARN_EMPTY_BODY = YES;
				CLANG_WARN_ENUM_CONVERSION = YES;
				CLANG_WARN_INFINITE_RECURSION = YES;
				CLANG_WARN_INT_CONVERSION = YES;
				CLANG_WARN_NON_LITERAL_NULL_CONVERSION = YES;
				CLANG_WARN_OBJC_IMPLICIT_RETAIN_SELF = YES;
				CLANG_WARN_OBJC_LITERAL_CONVERSION = YES;
				CLANG_WARN_OBJC_ROOT_CLASS = YES_ERROR;
				CLANG_WARN_QUOTED_INCLUDE_IN_FRAMEWORK_HEADER = YES;
				CLANG_WARN_RANGE_LOOP_ANALYSIS = YES;
				CLANG_WARN_STRICT_PROTOTYPES = YES;
				CLANG_WARN_SUSPICIOUS_MOVE = YES;
				CLANG_WARN_UNGUARDED_AVAILABILITY = YES_AGGRESSIVE;
				CLANG_WARN_UNREACHABLE_CODE = YES;
				CLANG_WARN__DUPLICATE_METHOD_MATCH = YES;
				COPY_PHASE_STRIP = NO;
				DEBUG_INFORMATION_FORMAT = "dwarf-with-dsym";
				ENABLE_NS_ASSERTIONS = NO;
				ENABLE_STRICT_OBJC_MSGSEND = YES;
				GCC_C_LANGUAGE_STANDARD = gnu11;
				GCC_NO_COMMON_BLOCKS = YES;
				GCC_WARN_64_TO_32_BIT_CONVERSION = YES;
				GCC_WARN_ABOUT_RETURN_TYPE = YES_ERROR;
				GCC_WARN_UNDECLARED_SELECTOR = YES;
				GCC_WARN_UNINITIALIZED_AUTOS = YES_AGGRESSIVE;
				GCC_WARN_UNUSED_FUNCTION = YES;
				GCC_WARN_UNUSED_VARIABLE = YES;
				IPHONEOS_DEPLOYMENT_TARGET = 15.0;
				MTL_ENABLE_DEBUG_INFO = NO;
				MTL_FAST_MATH = YES;
				SDKROOT = iphoneos;
				SWIFT_COMPILATION_MODE = wholemodule;
				SWIFT_OPTIMIZATION_LEVEL = "-O";
				VALIDATE_PRODUCT = YES;
			};
			name = Release;
		};
		BFD94606244DC5EC0012785A /* Debug */ = {
			isa = XCBuildConfiguration;
			buildSettings = {
				ASSETCATALOG_COMPILER_APPICON_NAME = AppIcon;
				CODE_SIGN_STYLE = Automatic;
				DEVELOPMENT_TEAM = "";
				INFOPLIST_FILE = iOSEngineerCodeCheck/Info.plist;
				LD_RUNPATH_SEARCH_PATHS = (
					"$(inherited)",
					"@executable_path/Frameworks",
				);
				PRODUCT_BUNDLE_IDENTIFIER = jp.yumemi.iOSEngineerCodeCheck;
				PRODUCT_NAME = "$(TARGET_NAME)";
				SWIFT_VERSION = 5.0;
				TARGETED_DEVICE_FAMILY = "1,2";
			};
			name = Debug;
		};
		BFD94607244DC5EC0012785A /* Release */ = {
			isa = XCBuildConfiguration;
			buildSettings = {
				ASSETCATALOG_COMPILER_APPICON_NAME = AppIcon;
				CODE_SIGN_STYLE = Automatic;
				DEVELOPMENT_TEAM = "";
				INFOPLIST_FILE = iOSEngineerCodeCheck/Info.plist;
				LD_RUNPATH_SEARCH_PATHS = (
					"$(inherited)",
					"@executable_path/Frameworks",
				);
				PRODUCT_BUNDLE_IDENTIFIER = jp.yumemi.iOSEngineerCodeCheck;
				PRODUCT_NAME = "$(TARGET_NAME)";
				SWIFT_VERSION = 5.0;
				TARGETED_DEVICE_FAMILY = "1,2";
			};
			name = Release;
		};
		BFD94609244DC5EC0012785A /* Debug */ = {
			isa = XCBuildConfiguration;
			buildSettings = {
				ALWAYS_EMBED_SWIFT_STANDARD_LIBRARIES = YES;
				BUNDLE_LOADER = "$(TEST_HOST)";
				CODE_SIGN_STYLE = Automatic;
				DEVELOPMENT_TEAM = S7G9J68NLX;
				INFOPLIST_FILE = iOSEngineerCodeCheckTests/Info.plist;
				LD_RUNPATH_SEARCH_PATHS = (
					"$(inherited)",
					"@executable_path/Frameworks",
					"@loader_path/Frameworks",
				);
				PRODUCT_BUNDLE_IDENTIFIER = jp.yumemi.iOSEngineerCodeCheckTests;
				PRODUCT_NAME = "$(TARGET_NAME)";
				SWIFT_VERSION = 5.0;
				TARGETED_DEVICE_FAMILY = "1,2";
				TEST_HOST = "$(BUILT_PRODUCTS_DIR)/iOSEngineerCodeCheck.app/iOSEngineerCodeCheck";
			};
			name = Debug;
		};
		BFD9460A244DC5EC0012785A /* Release */ = {
			isa = XCBuildConfiguration;
			buildSettings = {
				ALWAYS_EMBED_SWIFT_STANDARD_LIBRARIES = YES;
				BUNDLE_LOADER = "$(TEST_HOST)";
				CODE_SIGN_STYLE = Automatic;
				DEVELOPMENT_TEAM = S7G9J68NLX;
				INFOPLIST_FILE = iOSEngineerCodeCheckTests/Info.plist;
				LD_RUNPATH_SEARCH_PATHS = (
					"$(inherited)",
					"@executable_path/Frameworks",
					"@loader_path/Frameworks",
				);
				PRODUCT_BUNDLE_IDENTIFIER = jp.yumemi.iOSEngineerCodeCheckTests;
				PRODUCT_NAME = "$(TARGET_NAME)";
				SWIFT_VERSION = 5.0;
				TARGETED_DEVICE_FAMILY = "1,2";
				TEST_HOST = "$(BUILT_PRODUCTS_DIR)/iOSEngineerCodeCheck.app/iOSEngineerCodeCheck";
			};
			name = Release;
		};
		BFD9460C244DC5EC0012785A /* Debug */ = {
			isa = XCBuildConfiguration;
			buildSettings = {
				ALWAYS_EMBED_SWIFT_STANDARD_LIBRARIES = YES;
				CODE_SIGN_STYLE = Automatic;
				DEVELOPMENT_TEAM = S7G9J68NLX;
				INFOPLIST_FILE = iOSEngineerCodeCheckUITests/Info.plist;
				LD_RUNPATH_SEARCH_PATHS = (
					"$(inherited)",
					"@executable_path/Frameworks",
					"@loader_path/Frameworks",
				);
				PRODUCT_BUNDLE_IDENTIFIER = jp.yumemi.iOSEngineerCodeCheckUITests;
				PRODUCT_NAME = "$(TARGET_NAME)";
				SWIFT_VERSION = 5.0;
				TARGETED_DEVICE_FAMILY = "1,2";
				TEST_TARGET_NAME = iOSEngineerCodeCheck;
			};
			name = Debug;
		};
		BFD9460D244DC5EC0012785A /* Release */ = {
			isa = XCBuildConfiguration;
			buildSettings = {
				ALWAYS_EMBED_SWIFT_STANDARD_LIBRARIES = YES;
				CODE_SIGN_STYLE = Automatic;
				DEVELOPMENT_TEAM = S7G9J68NLX;
				INFOPLIST_FILE = iOSEngineerCodeCheckUITests/Info.plist;
				LD_RUNPATH_SEARCH_PATHS = (
					"$(inherited)",
					"@executable_path/Frameworks",
					"@loader_path/Frameworks",
				);
				PRODUCT_BUNDLE_IDENTIFIER = jp.yumemi.iOSEngineerCodeCheckUITests;
				PRODUCT_NAME = "$(TARGET_NAME)";
				SWIFT_VERSION = 5.0;
				TARGETED_DEVICE_FAMILY = "1,2";
				TEST_TARGET_NAME = iOSEngineerCodeCheck;
			};
			name = Release;
		};
/* End XCBuildConfiguration section */

/* Begin XCConfigurationList section */
		BFD945D6244DC5E80012785A /* Build configuration list for PBXProject "iOSEngineerCodeCheck" */ = {
			isa = XCConfigurationList;
			buildConfigurations = (
				BFD94603244DC5EC0012785A /* Debug */,
				BFD94604244DC5EC0012785A /* Release */,
			);
			defaultConfigurationIsVisible = 0;
			defaultConfigurationName = Release;
		};
		BFD94605244DC5EC0012785A /* Build configuration list for PBXNativeTarget "iOSEngineerCodeCheck" */ = {
			isa = XCConfigurationList;
			buildConfigurations = (
				BFD94606244DC5EC0012785A /* Debug */,
				BFD94607244DC5EC0012785A /* Release */,
			);
			defaultConfigurationIsVisible = 0;
			defaultConfigurationName = Release;
		};
		BFD94608244DC5EC0012785A /* Build configuration list for PBXNativeTarget "iOSEngineerCodeCheckTests" */ = {
			isa = XCConfigurationList;
			buildConfigurations = (
				BFD94609244DC5EC0012785A /* Debug */,
				BFD9460A244DC5EC0012785A /* Release */,
			);
			defaultConfigurationIsVisible = 0;
			defaultConfigurationName = Release;
		};
		BFD9460B244DC5EC0012785A /* Build configuration list for PBXNativeTarget "iOSEngineerCodeCheckUITests" */ = {
			isa = XCConfigurationList;
			buildConfigurations = (
				BFD9460C244DC5EC0012785A /* Debug */,
				BFD9460D244DC5EC0012785A /* Release */,
			);
			defaultConfigurationIsVisible = 0;
			defaultConfigurationName = Release;
		};
/* End XCConfigurationList section */

/* Begin XCRemoteSwiftPackageReference section */
		A2504FFF2923634E001533DF /* XCRemoteSwiftPackageReference "Moya" */ = {
			isa = XCRemoteSwiftPackageReference;
			repositoryURL = "https://github.com/Moya/Moya.git";
			requirement = {
				branch = master;
				kind = branch;
			};
		};
		A250500A29236E98001533DF /* XCRemoteSwiftPackageReference "Kingfisher" */ = {
			isa = XCRemoteSwiftPackageReference;
			repositoryURL = "https://github.com/onevcat/Kingfisher.git";
			requirement = {
				branch = master;
				kind = branch;
			};
		};
		A250500F29238A9B001533DF /* XCRemoteSwiftPackageReference "RxSwift" */ = {
			isa = XCRemoteSwiftPackageReference;
			repositoryURL = "https://github.com/ReactiveX/RxSwift.git";
			requirement = {
				branch = main;
				kind = branch;
			};
		};
/* End XCRemoteSwiftPackageReference section */

/* Begin XCSwiftPackageProductDependency section */
		A25050002923634E001533DF /* Moya */ = {
			isa = XCSwiftPackageProductDependency;
			package = A2504FFF2923634E001533DF /* XCRemoteSwiftPackageReference "Moya" */;
			productName = Moya;
		};
		A25050022923634E001533DF /* RxMoya */ = {
			isa = XCSwiftPackageProductDependency;
			package = A2504FFF2923634E001533DF /* XCRemoteSwiftPackageReference "Moya" */;
			productName = RxMoya;
		};
		A250500B29236E98001533DF /* Kingfisher */ = {
			isa = XCSwiftPackageProductDependency;
			package = A250500A29236E98001533DF /* XCRemoteSwiftPackageReference "Kingfisher" */;
			productName = Kingfisher;
		};
		A250501029238A9B001533DF /* RxCocoa */ = {
			isa = XCSwiftPackageProductDependency;
			package = A250500F29238A9B001533DF /* XCRemoteSwiftPackageReference "RxSwift" */;
			productName = RxCocoa;
		};
		A250501229238A9B001533DF /* RxRelay */ = {
			isa = XCSwiftPackageProductDependency;
			package = A250500F29238A9B001533DF /* XCRemoteSwiftPackageReference "RxSwift" */;
			productName = RxRelay;
		};
		A250501429238A9B001533DF /* RxSwift */ = {
			isa = XCSwiftPackageProductDependency;
			package = A250500F29238A9B001533DF /* XCRemoteSwiftPackageReference "RxSwift" */;
			productName = RxSwift;
		};
/* End XCSwiftPackageProductDependency section */
	};
	rootObject = BFD945D3244DC5E80012785A /* Project object */;
}
